// !$*UTF8*$!
{
	archiveVersion = 1;
	classes = {
	};
	objectVersion = 46;
	objects = {

/* Begin PBXBuildFile section */
		570C3973233697E200A2882C /* GameGoFish.swift in Sources */ = {isa = PBXBuildFile; fileRef = 570C3972233697E200A2882C /* GameGoFish.swift */; };
		570C397523369C4D00A2882C /* Player.swift in Sources */ = {isa = PBXBuildFile; fileRef = 570C397423369C4D00A2882C /* Player.swift */; };
		5740504E1E5E890000316AEB /* card_flip.m4a in Resources */ = {isa = PBXBuildFile; fileRef = 5740504C1E5E890000316AEB /* card_flip.m4a */; };
		574050551E5F82AA00316AEB /* UIDevice.swift in Sources */ = {isa = PBXBuildFile; fileRef = 574050541E5F82AA00316AEB /* UIDevice.swift */; };
		575F28071E62501600AE0C53 /* card_slide.m4a in Resources */ = {isa = PBXBuildFile; fileRef = 575F28061E62501600AE0C53 /* card_slide.m4a */; };
		57897FF81E85652400B1D4A6 /* Config.swift in Sources */ = {isa = PBXBuildFile; fileRef = 57897FF71E85652400B1D4A6 /* Config.swift */; };
		57897FFA1E85658D00B1D4A6 /* Switch.swift in Sources */ = {isa = PBXBuildFile; fileRef = 57897FF91E85658D00B1D4A6 /* Switch.swift */; };
		578B1C551E7EF960008B8381 /* GameViewController.swift in Sources */ = {isa = PBXBuildFile; fileRef = 57B053DC1E4E3BD20057E62F /* GameViewController.swift */; };
		578B1C571E7EFB04008B8381 /* ConnectionServiceManager.swift in Sources */ = {isa = PBXBuildFile; fileRef = 57B054081E4E40750057E62F /* ConnectionServiceManager.swift */; };
		578B1C581E7EFB0A008B8381 /* GameScene.swift in Sources */ = {isa = PBXBuildFile; fileRef = 57B053DA1E4E3BD20057E62F /* GameScene.swift */; };
		578B1C591E7EFB17008B8381 /* BottomButton.swift in Sources */ = {isa = PBXBuildFile; fileRef = 57E97B0C1E7479F5000243B2 /* BottomButton.swift */; };
		578B1C5A1E7EFB1B008B8381 /* SettingsViewController.swift in Sources */ = {isa = PBXBuildFile; fileRef = 57E97B0E1E748244000243B2 /* SettingsViewController.swift */; };
		578B1C5B1E7EFB33008B8381 /* CardSpriteNode.swift in Sources */ = {isa = PBXBuildFile; fileRef = 57B054121E4E75F30057E62F /* CardSpriteNode.swift */; };
		578B1C5C1E7EFB37008B8381 /* Position.swift in Sources */ = {isa = PBXBuildFile; fileRef = 57E97B091E7368B3000243B2 /* Position.swift */; };
		578B1C5D1E7EFBCB008B8381 /* Settings.swift in Sources */ = {isa = PBXBuildFile; fileRef = 57E97B101E74A651000243B2 /* Settings.swift */; };
		578B1C5E1E7EFBD3008B8381 /* Math.swift in Sources */ = {isa = PBXBuildFile; fileRef = 57B054161E4E766A0057E62F /* Math.swift */; };
		578B1C5F1E7EFBD6008B8381 /* Game.swift in Sources */ = {isa = PBXBuildFile; fileRef = 57B054181E4E7AC70057E62F /* Game.swift */; };
		578B1C601E7EFBD9008B8381 /* Card.swift in Sources */ = {isa = PBXBuildFile; fileRef = 57B054111E4E75F30057E62F /* Card.swift */; };
		578B1C611E7EFBDC008B8381 /* Actions.swift in Sources */ = {isa = PBXBuildFile; fileRef = 57B9C8F31E58FAA900F8E25B /* Actions.swift */; };
		578B1C621E7EFBE1008B8381 /* Rank.swift in Sources */ = {isa = PBXBuildFile; fileRef = 57B0540B1E4E75B10057E62F /* Rank.swift */; };
		578B1C631E7EFBE4008B8381 /* Suit.swift in Sources */ = {isa = PBXBuildFile; fileRef = 57B0540C1E4E75B10057E62F /* Suit.swift */; };
		578B1C641E7EFBE7008B8381 /* UIDevice.swift in Sources */ = {isa = PBXBuildFile; fileRef = 574050541E5F82AA00316AEB /* UIDevice.swift */; };
		57B053D51E4E3BD20057E62F /* AppDelegate.swift in Sources */ = {isa = PBXBuildFile; fileRef = 57B053D41E4E3BD20057E62F /* AppDelegate.swift */; };
		57B053DB1E4E3BD20057E62F /* GameScene.swift in Sources */ = {isa = PBXBuildFile; fileRef = 57B053DA1E4E3BD20057E62F /* GameScene.swift */; };
		57B053DD1E4E3BD20057E62F /* GameViewController.swift in Sources */ = {isa = PBXBuildFile; fileRef = 57B053DC1E4E3BD20057E62F /* GameViewController.swift */; };
		57B053E01E4E3BD20057E62F /* Main.storyboard in Resources */ = {isa = PBXBuildFile; fileRef = 57B053DE1E4E3BD20057E62F /* Main.storyboard */; };
		57B053E21E4E3BD20057E62F /* Assets.xcassets in Resources */ = {isa = PBXBuildFile; fileRef = 57B053E11E4E3BD20057E62F /* Assets.xcassets */; };
		57B053E51E4E3BD20057E62F /* LaunchScreen.storyboard in Resources */ = {isa = PBXBuildFile; fileRef = 57B053E31E4E3BD20057E62F /* LaunchScreen.storyboard */; };
		57B053F01E4E3BD20057E62F /* CardsMultiTests.swift in Sources */ = {isa = PBXBuildFile; fileRef = 57B053EF1E4E3BD20057E62F /* CardsMultiTests.swift */; };
		57B053FB1E4E3BD20057E62F /* CardsMultiUITests.swift in Sources */ = {isa = PBXBuildFile; fileRef = 57B053FA1E4E3BD20057E62F /* CardsMultiUITests.swift */; };
		57B054091E4E40750057E62F /* ConnectionServiceManager.swift in Sources */ = {isa = PBXBuildFile; fileRef = 57B054081E4E40750057E62F /* ConnectionServiceManager.swift */; };
		57B0540D1E4E75B10057E62F /* Rank.swift in Sources */ = {isa = PBXBuildFile; fileRef = 57B0540B1E4E75B10057E62F /* Rank.swift */; };
		57B0540E1E4E75B10057E62F /* Suit.swift in Sources */ = {isa = PBXBuildFile; fileRef = 57B0540C1E4E75B10057E62F /* Suit.swift */; };
		57B054131E4E75F30057E62F /* Card.swift in Sources */ = {isa = PBXBuildFile; fileRef = 57B054111E4E75F30057E62F /* Card.swift */; };
		57B054141E4E75F30057E62F /* CardSpriteNode.swift in Sources */ = {isa = PBXBuildFile; fileRef = 57B054121E4E75F30057E62F /* CardSpriteNode.swift */; };
		57B054171E4E766A0057E62F /* Math.swift in Sources */ = {isa = PBXBuildFile; fileRef = 57B054161E4E766A0057E62F /* Math.swift */; };
		57B054191E4E7AC70057E62F /* Game.swift in Sources */ = {isa = PBXBuildFile; fileRef = 57B054181E4E7AC70057E62F /* Game.swift */; };
		57B9C8F41E58FAA900F8E25B /* Actions.swift in Sources */ = {isa = PBXBuildFile; fileRef = 57B9C8F31E58FAA900F8E25B /* Actions.swift */; };
		57E0935B2125DCAF00D4E4F6 /* MovingDirection.swift in Sources */ = {isa = PBXBuildFile; fileRef = 57E0935A2125DCAF00D4E4F6 /* MovingDirection.swift */; };
		57E0935C212730DF00D4E4F6 /* MovingDirection.swift in Sources */ = {isa = PBXBuildFile; fileRef = 57E0935A2125DCAF00D4E4F6 /* MovingDirection.swift */; };
		57E0935D212730E500D4E4F6 /* Config.swift in Sources */ = {isa = PBXBuildFile; fileRef = 57897FF71E85652400B1D4A6 /* Config.swift */; };
		57E97B0A1E7368B4000243B2 /* Position.swift in Sources */ = {isa = PBXBuildFile; fileRef = 57E97B091E7368B3000243B2 /* Position.swift */; };
		57E97B0D1E7479F6000243B2 /* BottomButton.swift in Sources */ = {isa = PBXBuildFile; fileRef = 57E97B0C1E7479F5000243B2 /* BottomButton.swift */; };
		57E97B0F1E748244000243B2 /* SettingsViewController.swift in Sources */ = {isa = PBXBuildFile; fileRef = 57E97B0E1E748244000243B2 /* SettingsViewController.swift */; };
		57E97B111E74A651000243B2 /* Settings.swift in Sources */ = {isa = PBXBuildFile; fileRef = 57E97B101E74A651000243B2 /* Settings.swift */; };
/* End PBXBuildFile section */

/* Begin PBXContainerItemProxy section */
		57B053EC1E4E3BD20057E62F /* PBXContainerItemProxy */ = {
			isa = PBXContainerItemProxy;
			containerPortal = 57B053C91E4E3BD20057E62F /* Project object */;
			proxyType = 1;
			remoteGlobalIDString = 57B053D01E4E3BD20057E62F;
			remoteInfo = CardsMulti;
		};
		57B053F71E4E3BD20057E62F /* PBXContainerItemProxy */ = {
			isa = PBXContainerItemProxy;
			containerPortal = 57B053C91E4E3BD20057E62F /* Project object */;
			proxyType = 1;
			remoteGlobalIDString = 57B053D01E4E3BD20057E62F;
			remoteInfo = CardsMulti;
		};
/* End PBXContainerItemProxy section */

/* Begin PBXFileReference section */
		570C3972233697E200A2882C /* GameGoFish.swift */ = {isa = PBXFileReference; lastKnownFileType = sourcecode.swift; path = GameGoFish.swift; sourceTree = "<group>"; };
		570C397423369C4D00A2882C /* Player.swift */ = {isa = PBXFileReference; lastKnownFileType = sourcecode.swift; path = Player.swift; sourceTree = "<group>"; };
		5740504C1E5E890000316AEB /* card_flip.m4a */ = {isa = PBXFileReference; lastKnownFileType = file; path = card_flip.m4a; sourceTree = "<group>"; };
		574050541E5F82AA00316AEB /* UIDevice.swift */ = {isa = PBXFileReference; fileEncoding = 4; lastKnownFileType = sourcecode.swift; name = UIDevice.swift; path = Extensions/UIDevice.swift; sourceTree = "<group>"; };
		575F28061E62501600AE0C53 /* card_slide.m4a */ = {isa = PBXFileReference; lastKnownFileType = file; path = card_slide.m4a; sourceTree = "<group>"; };
		57897FF71E85652400B1D4A6 /* Config.swift */ = {isa = PBXFileReference; fileEncoding = 4; lastKnownFileType = sourcecode.swift; path = Config.swift; sourceTree = "<group>"; };
		57897FF91E85658D00B1D4A6 /* Switch.swift */ = {isa = PBXFileReference; fileEncoding = 4; lastKnownFileType = sourcecode.swift; path = Switch.swift; sourceTree = "<group>"; };
		57B053D11E4E3BD20057E62F /* CardsMulti.app */ = {isa = PBXFileReference; explicitFileType = wrapper.application; includeInIndex = 0; path = CardsMulti.app; sourceTree = BUILT_PRODUCTS_DIR; };
		57B053D41E4E3BD20057E62F /* AppDelegate.swift */ = {isa = PBXFileReference; lastKnownFileType = sourcecode.swift; path = AppDelegate.swift; sourceTree = "<group>"; };
		57B053DA1E4E3BD20057E62F /* GameScene.swift */ = {isa = PBXFileReference; lastKnownFileType = sourcecode.swift; path = GameScene.swift; sourceTree = "<group>"; };
		57B053DC1E4E3BD20057E62F /* GameViewController.swift */ = {isa = PBXFileReference; lastKnownFileType = sourcecode.swift; path = GameViewController.swift; sourceTree = "<group>"; };
		57B053DF1E4E3BD20057E62F /* Base */ = {isa = PBXFileReference; lastKnownFileType = file.storyboard; name = Base; path = Base.lproj/Main.storyboard; sourceTree = "<group>"; };
		57B053E11E4E3BD20057E62F /* Assets.xcassets */ = {isa = PBXFileReference; lastKnownFileType = folder.assetcatalog; path = Assets.xcassets; sourceTree = "<group>"; };
		57B053E41E4E3BD20057E62F /* Base */ = {isa = PBXFileReference; lastKnownFileType = file.storyboard; name = Base; path = Base.lproj/LaunchScreen.storyboard; sourceTree = "<group>"; };
		57B053E61E4E3BD20057E62F /* Info.plist */ = {isa = PBXFileReference; lastKnownFileType = text.plist.xml; path = Info.plist; sourceTree = "<group>"; };
		57B053EB1E4E3BD20057E62F /* CardsMultiTests.xctest */ = {isa = PBXFileReference; explicitFileType = wrapper.cfbundle; includeInIndex = 0; path = CardsMultiTests.xctest; sourceTree = BUILT_PRODUCTS_DIR; };
		57B053EF1E4E3BD20057E62F /* CardsMultiTests.swift */ = {isa = PBXFileReference; lastKnownFileType = sourcecode.swift; path = CardsMultiTests.swift; sourceTree = "<group>"; };
		57B053F11E4E3BD20057E62F /* Info.plist */ = {isa = PBXFileReference; lastKnownFileType = text.plist.xml; path = Info.plist; sourceTree = "<group>"; };
		57B053F61E4E3BD20057E62F /* CardsMultiUITests.xctest */ = {isa = PBXFileReference; explicitFileType = wrapper.cfbundle; includeInIndex = 0; path = CardsMultiUITests.xctest; sourceTree = BUILT_PRODUCTS_DIR; };
		57B053FA1E4E3BD20057E62F /* CardsMultiUITests.swift */ = {isa = PBXFileReference; lastKnownFileType = sourcecode.swift; path = CardsMultiUITests.swift; sourceTree = "<group>"; };
		57B053FC1E4E3BD20057E62F /* Info.plist */ = {isa = PBXFileReference; lastKnownFileType = text.plist.xml; path = Info.plist; sourceTree = "<group>"; };
		57B054081E4E40750057E62F /* ConnectionServiceManager.swift */ = {isa = PBXFileReference; fileEncoding = 4; lastKnownFileType = sourcecode.swift; path = ConnectionServiceManager.swift; sourceTree = "<group>"; };
		57B0540B1E4E75B10057E62F /* Rank.swift */ = {isa = PBXFileReference; fileEncoding = 4; lastKnownFileType = sourcecode.swift; name = Rank.swift; path = Enums/Rank.swift; sourceTree = "<group>"; };
		57B0540C1E4E75B10057E62F /* Suit.swift */ = {isa = PBXFileReference; fileEncoding = 4; lastKnownFileType = sourcecode.swift; name = Suit.swift; path = Enums/Suit.swift; sourceTree = "<group>"; };
		57B054111E4E75F30057E62F /* Card.swift */ = {isa = PBXFileReference; fileEncoding = 4; lastKnownFileType = sourcecode.swift; name = Card.swift; path = classes/Card.swift; sourceTree = "<group>"; };
		57B054121E4E75F30057E62F /* CardSpriteNode.swift */ = {isa = PBXFileReference; fileEncoding = 4; lastKnownFileType = sourcecode.swift; name = CardSpriteNode.swift; path = classes/CardSpriteNode.swift; sourceTree = "<group>"; };
		57B054161E4E766A0057E62F /* Math.swift */ = {isa = PBXFileReference; fileEncoding = 4; lastKnownFileType = sourcecode.swift; name = Math.swift; path = Helpers/Math.swift; sourceTree = "<group>"; };
		57B054181E4E7AC70057E62F /* Game.swift */ = {isa = PBXFileReference; fileEncoding = 4; lastKnownFileType = sourcecode.swift; name = Game.swift; path = Helpers/Game.swift; sourceTree = "<group>"; };
		57B9C8F31E58FAA900F8E25B /* Actions.swift */ = {isa = PBXFileReference; fileEncoding = 4; lastKnownFileType = sourcecode.swift; path = Actions.swift; sourceTree = "<group>"; };
		57E0935A2125DCAF00D4E4F6 /* MovingDirection.swift */ = {isa = PBXFileReference; lastKnownFileType = sourcecode.swift; path = MovingDirection.swift; sourceTree = "<group>"; };
		57E97B091E7368B3000243B2 /* Position.swift */ = {isa = PBXFileReference; fileEncoding = 4; lastKnownFileType = sourcecode.swift; name = Position.swift; path = Enums/Position.swift; sourceTree = "<group>"; };
		57E97B0C1E7479F5000243B2 /* BottomButton.swift */ = {isa = PBXFileReference; fileEncoding = 4; lastKnownFileType = sourcecode.swift; path = BottomButton.swift; sourceTree = "<group>"; };
		57E97B0E1E748244000243B2 /* SettingsViewController.swift */ = {isa = PBXFileReference; fileEncoding = 4; lastKnownFileType = sourcecode.swift; path = SettingsViewController.swift; sourceTree = "<group>"; };
		57E97B101E74A651000243B2 /* Settings.swift */ = {isa = PBXFileReference; fileEncoding = 4; lastKnownFileType = sourcecode.swift; name = Settings.swift; path = classes/Settings.swift; sourceTree = "<group>"; };
/* End PBXFileReference section */

/* Begin PBXFrameworksBuildPhase section */
		57B053CE1E4E3BD20057E62F /* Frameworks */ = {
			isa = PBXFrameworksBuildPhase;
			buildActionMask = 2147483647;
			files = (
			);
			runOnlyForDeploymentPostprocessing = 0;
		};
		57B053E81E4E3BD20057E62F /* Frameworks */ = {
			isa = PBXFrameworksBuildPhase;
			buildActionMask = 2147483647;
			files = (
			);
			runOnlyForDeploymentPostprocessing = 0;
		};
		57B053F31E4E3BD20057E62F /* Frameworks */ = {
			isa = PBXFrameworksBuildPhase;
			buildActionMask = 2147483647;
			files = (
			);
			runOnlyForDeploymentPostprocessing = 0;
		};
/* End PBXFrameworksBuildPhase section */

/* Begin PBXGroup section */
		570C3971233697B100A2882C /* GameScenes */ = {
			isa = PBXGroup;
			children = (
				570C3972233697E200A2882C /* GameGoFish.swift */,
			);
			name = GameScenes;
			sourceTree = "<group>";
		};
		5740504A1E5E88E900316AEB /* Resources */ = {
			isa = PBXGroup;
			children = (
				5740504B1E5E88F300316AEB /* Sounds */,
			);
			name = Resources;
			sourceTree = "<group>";
		};
		5740504B1E5E88F300316AEB /* Sounds */ = {
			isa = PBXGroup;
			children = (
				575F28061E62501600AE0C53 /* card_slide.m4a */,
				5740504C1E5E890000316AEB /* card_flip.m4a */,
			);
			name = Sounds;
			sourceTree = "<group>";
		};
		574050531E5F828200316AEB /* Extensions */ = {
			isa = PBXGroup;
			children = (
				574050541E5F82AA00316AEB /* UIDevice.swift */,
			);
			name = Extensions;
			sourceTree = "<group>";
		};
		57897FF61E85651400B1D4A6 /* Config */ = {
			isa = PBXGroup;
			children = (
				57897FF71E85652400B1D4A6 /* Config.swift */,
			);
			name = Config;
			sourceTree = "<group>";
		};
		57B053C81E4E3BD20057E62F = {
			isa = PBXGroup;
			children = (
				57B053D31E4E3BD20057E62F /* CardsMulti */,
				57B053EE1E4E3BD20057E62F /* CardsMultiTests */,
				57B053F91E4E3BD20057E62F /* CardsMultiUITests */,
				57B053D21E4E3BD20057E62F /* Products */,
			);
			sourceTree = "<group>";
		};
		57B053D21E4E3BD20057E62F /* Products */ = {
			isa = PBXGroup;
			children = (
				57B053D11E4E3BD20057E62F /* CardsMulti.app */,
				57B053EB1E4E3BD20057E62F /* CardsMultiTests.xctest */,
				57B053F61E4E3BD20057E62F /* CardsMultiUITests.xctest */,
			);
			name = Products;
			sourceTree = "<group>";
		};
		57B053D31E4E3BD20057E62F /* CardsMulti */ = {
			isa = PBXGroup;
			children = (
				570C3971233697B100A2882C /* GameScenes */,
				57897FF61E85651400B1D4A6 /* Config */,
				574050531E5F828200316AEB /* Extensions */,
				5740504A1E5E88E900316AEB /* Resources */,
				57B054151E4E76340057E62F /* Helpers */,
				57B054101E4E75D90057E62F /* Classes */,
				57B0540A1E4E75970057E62F /* Enums */,
				57E97B0B1E7479B7000243B2 /* UI */,
				57B053D41E4E3BD20057E62F /* AppDelegate.swift */,
				57B054081E4E40750057E62F /* ConnectionServiceManager.swift */,
				57B053DA1E4E3BD20057E62F /* GameScene.swift */,
				57B053DC1E4E3BD20057E62F /* GameViewController.swift */,
				57B053DE1E4E3BD20057E62F /* Main.storyboard */,
				57B053E11E4E3BD20057E62F /* Assets.xcassets */,
				57B053E31E4E3BD20057E62F /* LaunchScreen.storyboard */,
				57B053E61E4E3BD20057E62F /* Info.plist */,
			);
			path = CardsMulti;
			sourceTree = "<group>";
		};
		57B053EE1E4E3BD20057E62F /* CardsMultiTests */ = {
			isa = PBXGroup;
			children = (
				57B053EF1E4E3BD20057E62F /* CardsMultiTests.swift */,
				57B053F11E4E3BD20057E62F /* Info.plist */,
			);
			path = CardsMultiTests;
			sourceTree = "<group>";
		};
		57B053F91E4E3BD20057E62F /* CardsMultiUITests */ = {
			isa = PBXGroup;
			children = (
				57B053FA1E4E3BD20057E62F /* CardsMultiUITests.swift */,
				57B053FC1E4E3BD20057E62F /* Info.plist */,
			);
			path = CardsMultiUITests;
			sourceTree = "<group>";
		};
		57B0540A1E4E75970057E62F /* Enums */ = {
			isa = PBXGroup;
			children = (
				57B0540B1E4E75B10057E62F /* Rank.swift */,
				57B0540C1E4E75B10057E62F /* Suit.swift */,
				57E97B091E7368B3000243B2 /* Position.swift */,
				57E0935A2125DCAF00D4E4F6 /* MovingDirection.swift */,
			);
			name = Enums;
			sourceTree = "<group>";
		};
		57B054101E4E75D90057E62F /* Classes */ = {
			isa = PBXGroup;
			children = (
				57B054111E4E75F30057E62F /* Card.swift */,
				57B054121E4E75F30057E62F /* CardSpriteNode.swift */,
				57B9C8F31E58FAA900F8E25B /* Actions.swift */,
				57E97B101E74A651000243B2 /* Settings.swift */,
				570C397423369C4D00A2882C /* Player.swift */,
			);
			name = Classes;
			sourceTree = "<group>";
		};
		57B054151E4E76340057E62F /* Helpers */ = {
			isa = PBXGroup;
			children = (
				57B054181E4E7AC70057E62F /* Game.swift */,
				57B054161E4E766A0057E62F /* Math.swift */,
			);
			name = Helpers;
			sourceTree = "<group>";
		};
		57E97B0B1E7479B7000243B2 /* UI */ = {
			isa = PBXGroup;
			children = (
				57E97B0C1E7479F5000243B2 /* BottomButton.swift */,
				57E97B0E1E748244000243B2 /* SettingsViewController.swift */,
				57897FF91E85658D00B1D4A6 /* Switch.swift */,
			);
			name = UI;
			sourceTree = "<group>";
		};
/* End PBXGroup section */

/* Begin PBXNativeTarget section */
		57B053D01E4E3BD20057E62F /* CardsMulti */ = {
			isa = PBXNativeTarget;
			buildConfigurationList = 57B053FF1E4E3BD20057E62F /* Build configuration list for PBXNativeTarget "CardsMulti" */;
			buildPhases = (
				57B053CD1E4E3BD20057E62F /* Sources */,
				57B053CE1E4E3BD20057E62F /* Frameworks */,
				57B053CF1E4E3BD20057E62F /* Resources */,
			);
			buildRules = (
			);
			dependencies = (
			);
			name = CardsMulti;
			productName = CardsMulti;
			productReference = 57B053D11E4E3BD20057E62F /* CardsMulti.app */;
			productType = "com.apple.product-type.application";
		};
		57B053EA1E4E3BD20057E62F /* CardsMultiTests */ = {
			isa = PBXNativeTarget;
			buildConfigurationList = 57B054021E4E3BD20057E62F /* Build configuration list for PBXNativeTarget "CardsMultiTests" */;
			buildPhases = (
				57B053E71E4E3BD20057E62F /* Sources */,
				57B053E81E4E3BD20057E62F /* Frameworks */,
				57B053E91E4E3BD20057E62F /* Resources */,
			);
			buildRules = (
			);
			dependencies = (
				57B053ED1E4E3BD20057E62F /* PBXTargetDependency */,
			);
			name = CardsMultiTests;
			productName = CardsMultiTests;
			productReference = 57B053EB1E4E3BD20057E62F /* CardsMultiTests.xctest */;
			productType = "com.apple.product-type.bundle.unit-test";
		};
		57B053F51E4E3BD20057E62F /* CardsMultiUITests */ = {
			isa = PBXNativeTarget;
			buildConfigurationList = 57B054051E4E3BD20057E62F /* Build configuration list for PBXNativeTarget "CardsMultiUITests" */;
			buildPhases = (
				57B053F21E4E3BD20057E62F /* Sources */,
				57B053F31E4E3BD20057E62F /* Frameworks */,
				57B053F41E4E3BD20057E62F /* Resources */,
			);
			buildRules = (
			);
			dependencies = (
				57B053F81E4E3BD20057E62F /* PBXTargetDependency */,
			);
			name = CardsMultiUITests;
			productName = CardsMultiUITests;
			productReference = 57B053F61E4E3BD20057E62F /* CardsMultiUITests.xctest */;
			productType = "com.apple.product-type.bundle.ui-testing";
		};
/* End PBXNativeTarget section */

/* Begin PBXProject section */
		57B053C91E4E3BD20057E62F /* Project object */ = {
			isa = PBXProject;
			attributes = {
				LastSwiftUpdateCheck = 0820;
				LastUpgradeCheck = 0900;
				ORGANIZATIONNAME = "Victorius Software Inc";
				TargetAttributes = {
					57B053D01E4E3BD20057E62F = {
						CreatedOnToolsVersion = 8.2.1;
						DevelopmentTeam = NB9MQB54L9;
						LastSwiftMigration = 0900;
						ProvisioningStyle = Automatic;
					};
					57B053EA1E4E3BD20057E62F = {
						CreatedOnToolsVersion = 8.2.1;
						DevelopmentTeam = DS2QAADY9B;
						LastSwiftMigration = 0900;
						ProvisioningStyle = Automatic;
						TestTargetID = 57B053D01E4E3BD20057E62F;
					};
					57B053F51E4E3BD20057E62F = {
						CreatedOnToolsVersion = 8.2.1;
						DevelopmentTeam = DS2QAADY9B;
						ProvisioningStyle = Automatic;
						TestTargetID = 57B053D01E4E3BD20057E62F;
					};
				};
			};
			buildConfigurationList = 57B053CC1E4E3BD20057E62F /* Build configuration list for PBXProject "CardsMulti" */;
			compatibilityVersion = "Xcode 3.2";
			developmentRegion = English;
			hasScannedForEncodings = 0;
			knownRegions = (
				English,
				en,
				Base,
			);
			mainGroup = 57B053C81E4E3BD20057E62F;
			productRefGroup = 57B053D21E4E3BD20057E62F /* Products */;
			projectDirPath = "";
			projectRoot = "";
			targets = (
				57B053D01E4E3BD20057E62F /* CardsMulti */,
				57B053EA1E4E3BD20057E62F /* CardsMultiTests */,
				57B053F51E4E3BD20057E62F /* CardsMultiUITests */,
			);
		};
/* End PBXProject section */

/* Begin PBXResourcesBuildPhase section */
		57B053CF1E4E3BD20057E62F /* Resources */ = {
			isa = PBXResourcesBuildPhase;
			buildActionMask = 2147483647;
			files = (
				575F28071E62501600AE0C53 /* card_slide.m4a in Resources */,
				57B053E01E4E3BD20057E62F /* Main.storyboard in Resources */,
				5740504E1E5E890000316AEB /* card_flip.m4a in Resources */,
				57B053E21E4E3BD20057E62F /* Assets.xcassets in Resources */,
				57B053E51E4E3BD20057E62F /* LaunchScreen.storyboard in Resources */,
			);
			runOnlyForDeploymentPostprocessing = 0;
		};
		57B053E91E4E3BD20057E62F /* Resources */ = {
			isa = PBXResourcesBuildPhase;
			buildActionMask = 2147483647;
			files = (
			);
			runOnlyForDeploymentPostprocessing = 0;
		};
		57B053F41E4E3BD20057E62F /* Resources */ = {
			isa = PBXResourcesBuildPhase;
			buildActionMask = 2147483647;
			files = (
			);
			runOnlyForDeploymentPostprocessing = 0;
		};
/* End PBXResourcesBuildPhase section */

/* Begin PBXSourcesBuildPhase section */
		57B053CD1E4E3BD20057E62F /* Sources */ = {
			isa = PBXSourcesBuildPhase;
			buildActionMask = 2147483647;
			files = (
				57B053DB1E4E3BD20057E62F /* GameScene.swift in Sources */,
				57B054191E4E7AC70057E62F /* Game.swift in Sources */,
				57B054091E4E40750057E62F /* ConnectionServiceManager.swift in Sources */,
				57897FFA1E85658D00B1D4A6 /* Switch.swift in Sources */,
				570C397523369C4D00A2882C /* Player.swift in Sources */,
				57B054171E4E766A0057E62F /* Math.swift in Sources */,
				570C3973233697E200A2882C /* GameGoFish.swift in Sources */,
				57897FF81E85652400B1D4A6 /* Config.swift in Sources */,
				57B054131E4E75F30057E62F /* Card.swift in Sources */,
				57B9C8F41E58FAA900F8E25B /* Actions.swift in Sources */,
				57B053DD1E4E3BD20057E62F /* GameViewController.swift in Sources */,
				57E97B0A1E7368B4000243B2 /* Position.swift in Sources */,
				57E97B0F1E748244000243B2 /* SettingsViewController.swift in Sources */,
				574050551E5F82AA00316AEB /* UIDevice.swift in Sources */,
				57E97B111E74A651000243B2 /* Settings.swift in Sources */,
				57B0540D1E4E75B10057E62F /* Rank.swift in Sources */,
				57B0540E1E4E75B10057E62F /* Suit.swift in Sources */,
				57B054141E4E75F30057E62F /* CardSpriteNode.swift in Sources */,
				57E97B0D1E7479F6000243B2 /* BottomButton.swift in Sources */,
				57E0935B2125DCAF00D4E4F6 /* MovingDirection.swift in Sources */,
				57B053D51E4E3BD20057E62F /* AppDelegate.swift in Sources */,
			);
			runOnlyForDeploymentPostprocessing = 0;
		};
		57B053E71E4E3BD20057E62F /* Sources */ = {
			isa = PBXSourcesBuildPhase;
			buildActionMask = 2147483647;
			files = (
				578B1C551E7EF960008B8381 /* GameViewController.swift in Sources */,
				578B1C631E7EFBE4008B8381 /* Suit.swift in Sources */,
				578B1C611E7EFBDC008B8381 /* Actions.swift in Sources */,
				578B1C591E7EFB17008B8381 /* BottomButton.swift in Sources */,
				578B1C5B1E7EFB33008B8381 /* CardSpriteNode.swift in Sources */,
				57B053F01E4E3BD20057E62F /* CardsMultiTests.swift in Sources */,
				578B1C621E7EFBE1008B8381 /* Rank.swift in Sources */,
				578B1C641E7EFBE7008B8381 /* UIDevice.swift in Sources */,
				578B1C581E7EFB0A008B8381 /* GameScene.swift in Sources */,
				578B1C571E7EFB04008B8381 /* ConnectionServiceManager.swift in Sources */,
				578B1C5F1E7EFBD6008B8381 /* Game.swift in Sources */,
				57E0935D212730E500D4E4F6 /* Config.swift in Sources */,
				578B1C601E7EFBD9008B8381 /* Card.swift in Sources */,
				578B1C5D1E7EFBCB008B8381 /* Settings.swift in Sources */,
				578B1C5C1E7EFB37008B8381 /* Position.swift in Sources */,
				57E0935C212730DF00D4E4F6 /* MovingDirection.swift in Sources */,
				578B1C5A1E7EFB1B008B8381 /* SettingsViewController.swift in Sources */,
				578B1C5E1E7EFBD3008B8381 /* Math.swift in Sources */,
			);
			runOnlyForDeploymentPostprocessing = 0;
		};
		57B053F21E4E3BD20057E62F /* Sources */ = {
			isa = PBXSourcesBuildPhase;
			buildActionMask = 2147483647;
			files = (
				57B053FB1E4E3BD20057E62F /* CardsMultiUITests.swift in Sources */,
			);
			runOnlyForDeploymentPostprocessing = 0;
		};
/* End PBXSourcesBuildPhase section */

/* Begin PBXTargetDependency section */
		57B053ED1E4E3BD20057E62F /* PBXTargetDependency */ = {
			isa = PBXTargetDependency;
			target = 57B053D01E4E3BD20057E62F /* CardsMulti */;
			targetProxy = 57B053EC1E4E3BD20057E62F /* PBXContainerItemProxy */;
		};
		57B053F81E4E3BD20057E62F /* PBXTargetDependency */ = {
			isa = PBXTargetDependency;
			target = 57B053D01E4E3BD20057E62F /* CardsMulti */;
			targetProxy = 57B053F71E4E3BD20057E62F /* PBXContainerItemProxy */;
		};
/* End PBXTargetDependency section */

/* Begin PBXVariantGroup section */
		57B053DE1E4E3BD20057E62F /* Main.storyboard */ = {
			isa = PBXVariantGroup;
			children = (
				57B053DF1E4E3BD20057E62F /* Base */,
			);
			name = Main.storyboard;
			sourceTree = "<group>";
		};
		57B053E31E4E3BD20057E62F /* LaunchScreen.storyboard */ = {
			isa = PBXVariantGroup;
			children = (
				57B053E41E4E3BD20057E62F /* Base */,
			);
			name = LaunchScreen.storyboard;
			sourceTree = "<group>";
		};
/* End PBXVariantGroup section */

/* Begin XCBuildConfiguration section */
		57B053FD1E4E3BD20057E62F /* Debug */ = {
			isa = XCBuildConfiguration;
			buildSettings = {
				ALWAYS_SEARCH_USER_PATHS = NO;
				CLANG_ANALYZER_NONNULL = YES;
				CLANG_CXX_LANGUAGE_STANDARD = "gnu++0x";
				CLANG_CXX_LIBRARY = "libc++";
				CLANG_ENABLE_MODULES = YES;
				CLANG_ENABLE_OBJC_ARC = YES;
				CLANG_WARN_BLOCK_CAPTURE_AUTORELEASING = YES;
				CLANG_WARN_BOOL_CONVERSION = YES;
				CLANG_WARN_COMMA = YES;
				CLANG_WARN_CONSTANT_CONVERSION = YES;
				CLANG_WARN_DIRECT_OBJC_ISA_USAGE = YES_ERROR;
				CLANG_WARN_DOCUMENTATION_COMMENTS = YES;
				CLANG_WARN_EMPTY_BODY = YES;
				CLANG_WARN_ENUM_CONVERSION = YES;
				CLANG_WARN_INFINITE_RECURSION = YES;
				CLANG_WARN_INT_CONVERSION = YES;
				CLANG_WARN_NON_LITERAL_NULL_CONVERSION = YES;
				CLANG_WARN_OBJC_LITERAL_CONVERSION = YES;
				CLANG_WARN_OBJC_ROOT_CLASS = YES_ERROR;
				CLANG_WARN_RANGE_LOOP_ANALYSIS = YES;
				CLANG_WARN_STRICT_PROTOTYPES = YES;
				CLANG_WARN_SUSPICIOUS_MOVE = YES;
				CLANG_WARN_UNREACHABLE_CODE = YES;
				CLANG_WARN__DUPLICATE_METHOD_MATCH = YES;
				"CODE_SIGN_IDENTITY[sdk=iphoneos*]" = "iPhone Developer";
				COPY_PHASE_STRIP = NO;
				DEBUG_INFORMATION_FORMAT = dwarf;
				ENABLE_STRICT_OBJC_MSGSEND = YES;
				ENABLE_TESTABILITY = YES;
				GCC_C_LANGUAGE_STANDARD = gnu99;
				GCC_DYNAMIC_NO_PIC = NO;
				GCC_NO_COMMON_BLOCKS = YES;
				GCC_OPTIMIZATION_LEVEL = 0;
				GCC_PREPROCESSOR_DEFINITIONS = (
					"DEBUG=1",
					"$(inherited)",
				);
				GCC_WARN_64_TO_32_BIT_CONVERSION = YES;
				GCC_WARN_ABOUT_RETURN_TYPE = YES_ERROR;
				GCC_WARN_UNDECLARED_SELECTOR = YES;
				GCC_WARN_UNINITIALIZED_AUTOS = YES_AGGRESSIVE;
				GCC_WARN_UNUSED_FUNCTION = YES;
				GCC_WARN_UNUSED_VARIABLE = YES;
				IPHONEOS_DEPLOYMENT_TARGET = 10.2;
				MTL_ENABLE_DEBUG_INFO = YES;
				ONLY_ACTIVE_ARCH = YES;
				SDKROOT = iphoneos;
				SWIFT_ACTIVE_COMPILATION_CONDITIONS = DEBUG;
				SWIFT_OPTIMIZATION_LEVEL = "-Onone";
				SWIFT_SWIFT3_OBJC_INFERENCE = Default;
				TARGETED_DEVICE_FAMILY = "1,2";
			};
			name = Debug;
		};
		57B053FE1E4E3BD20057E62F /* Release */ = {
			isa = XCBuildConfiguration;
			buildSettings = {
				ALWAYS_SEARCH_USER_PATHS = NO;
				CLANG_ANALYZER_NONNULL = YES;
				CLANG_CXX_LANGUAGE_STANDARD = "gnu++0x";
				CLANG_CXX_LIBRARY = "libc++";
				CLANG_ENABLE_MODULES = YES;
				CLANG_ENABLE_OBJC_ARC = YES;
				CLANG_WARN_BLOCK_CAPTURE_AUTORELEASING = YES;
				CLANG_WARN_BOOL_CONVERSION = YES;
				CLANG_WARN_COMMA = YES;
				CLANG_WARN_CONSTANT_CONVERSION = YES;
				CLANG_WARN_DIRECT_OBJC_ISA_USAGE = YES_ERROR;
				CLANG_WARN_DOCUMENTATION_COMMENTS = YES;
				CLANG_WARN_EMPTY_BODY = YES;
				CLANG_WARN_ENUM_CONVERSION = YES;
				CLANG_WARN_INFINITE_RECURSION = YES;
				CLANG_WARN_INT_CONVERSION = YES;
				CLANG_WARN_NON_LITERAL_NULL_CONVERSION = YES;
				CLANG_WARN_OBJC_LITERAL_CONVERSION = YES;
				CLANG_WARN_OBJC_ROOT_CLASS = YES_ERROR;
				CLANG_WARN_RANGE_LOOP_ANALYSIS = YES;
				CLANG_WARN_STRICT_PROTOTYPES = YES;
				CLANG_WARN_SUSPICIOUS_MOVE = YES;
				CLANG_WARN_UNREACHABLE_CODE = YES;
				CLANG_WARN__DUPLICATE_METHOD_MATCH = YES;
				"CODE_SIGN_IDENTITY[sdk=iphoneos*]" = "iPhone Developer";
				COPY_PHASE_STRIP = NO;
				DEBUG_INFORMATION_FORMAT = "dwarf-with-dsym";
				ENABLE_NS_ASSERTIONS = NO;
				ENABLE_STRICT_OBJC_MSGSEND = YES;
				GCC_C_LANGUAGE_STANDARD = gnu99;
				GCC_NO_COMMON_BLOCKS = YES;
				GCC_WARN_64_TO_32_BIT_CONVERSION = YES;
				GCC_WARN_ABOUT_RETURN_TYPE = YES_ERROR;
				GCC_WARN_UNDECLARED_SELECTOR = YES;
				GCC_WARN_UNINITIALIZED_AUTOS = YES_AGGRESSIVE;
				GCC_WARN_UNUSED_FUNCTION = YES;
				GCC_WARN_UNUSED_VARIABLE = YES;
				IPHONEOS_DEPLOYMENT_TARGET = 10.2;
				MTL_ENABLE_DEBUG_INFO = NO;
				SDKROOT = iphoneos;
				SWIFT_OPTIMIZATION_LEVEL = "-Owholemodule";
				SWIFT_SWIFT3_OBJC_INFERENCE = Default;
				TARGETED_DEVICE_FAMILY = "1,2";
				VALIDATE_PRODUCT = YES;
			};
			name = Release;
		};
		57B054001E4E3BD20057E62F /* Debug */ = {
			isa = XCBuildConfiguration;
			buildSettings = {
				ASSETCATALOG_COMPILER_APPICON_NAME = AppIcon;
				CODE_SIGN_IDENTITY = "iPhone Developer";
				"CODE_SIGN_IDENTITY[sdk=iphoneos*]" = "iPhone Developer";
				DEVELOPMENT_TEAM = NB9MQB54L9;
				INFOPLIST_FILE = CardsMulti/Info.plist;
				IPHONEOS_DEPLOYMENT_TARGET = 9.3;
				LD_RUNPATH_SEARCH_PATHS = "$(inherited) @executable_path/Frameworks";
				PRODUCT_BUNDLE_IDENTIFIER = com.victoriussoftware.CardsMulti;
				PRODUCT_NAME = "$(TARGET_NAME)";
				PROVISIONING_PROFILE = "";
				SWIFT_SWIFT3_OBJC_INFERENCE = Default;
				SWIFT_VERSION = 4.0;
			};
			name = Debug;
		};
		57B054011E4E3BD20057E62F /* Release */ = {
			isa = XCBuildConfiguration;
			buildSettings = {
				ASSETCATALOG_COMPILER_APPICON_NAME = AppIcon;
				CODE_SIGN_IDENTITY = "iPhone Developer";
				"CODE_SIGN_IDENTITY[sdk=iphoneos*]" = "iPhone Developer";
				DEVELOPMENT_TEAM = NB9MQB54L9;
				INFOPLIST_FILE = CardsMulti/Info.plist;
				IPHONEOS_DEPLOYMENT_TARGET = 9.3;
				LD_RUNPATH_SEARCH_PATHS = "$(inherited) @executable_path/Frameworks";
				PRODUCT_BUNDLE_IDENTIFIER = com.victoriussoftware.CardsMulti;
				PRODUCT_NAME = "$(TARGET_NAME)";
				PROVISIONING_PROFILE = "";
				SWIFT_SWIFT3_OBJC_INFERENCE = Default;
				SWIFT_VERSION = 4.0;
			};
			name = Release;
		};
		57B054031E4E3BD20057E62F /* Debug */ = {
			isa = XCBuildConfiguration;
			buildSettings = {
				ALWAYS_EMBED_SWIFT_STANDARD_LIBRARIES = YES;
				BUNDLE_LOADER = "$(TEST_HOST)";
				DEVELOPMENT_TEAM = DS2QAADY9B;
				INFOPLIST_FILE = CardsMultiTests/Info.plist;
				LD_RUNPATH_SEARCH_PATHS = "$(inherited) @executable_path/Frameworks @loader_path/Frameworks";
				PRODUCT_BUNDLE_IDENTIFIER = com.victorius.CardsMultiTests;
				PRODUCT_NAME = "$(TARGET_NAME)";
				SWIFT_SWIFT3_OBJC_INFERENCE = Default;
				SWIFT_VERSION = 4.0;
				TEST_HOST = "$(BUILT_PRODUCTS_DIR)/CardsMulti.app/CardsMulti";
			};
			name = Debug;
		};
		57B054041E4E3BD20057E62F /* Release */ = {
			isa = XCBuildConfiguration;
			buildSettings = {
				ALWAYS_EMBED_SWIFT_STANDARD_LIBRARIES = YES;
				BUNDLE_LOADER = "$(TEST_HOST)";
				DEVELOPMENT_TEAM = DS2QAADY9B;
				INFOPLIST_FILE = CardsMultiTests/Info.plist;
				LD_RUNPATH_SEARCH_PATHS = "$(inherited) @executable_path/Frameworks @loader_path/Frameworks";
				PRODUCT_BUNDLE_IDENTIFIER = com.victorius.CardsMultiTests;
				PRODUCT_NAME = "$(TARGET_NAME)";
				SWIFT_SWIFT3_OBJC_INFERENCE = Default;
				SWIFT_VERSION = 4.0;
				TEST_HOST = "$(BUILT_PRODUCTS_DIR)/CardsMulti.app/CardsMulti";
			};
			name = Release;
		};
		57B054061E4E3BD20057E62F /* Debug */ = {
			isa = XCBuildConfiguration;
			buildSettings = {
				ALWAYS_EMBED_SWIFT_STANDARD_LIBRARIES = YES;
				DEVELOPMENT_TEAM = DS2QAADY9B;
				INFOPLIST_FILE = CardsMultiUITests/Info.plist;
				LD_RUNPATH_SEARCH_PATHS = "$(inherited) @executable_path/Frameworks @loader_path/Frameworks";
				PRODUCT_BUNDLE_IDENTIFIER = com.victorius.CardsMultiUITests;
				PRODUCT_NAME = "$(TARGET_NAME)";
				SWIFT_VERSION = 3.0;
				TEST_TARGET_NAME = CardsMulti;
			};
			name = Debug;
		};
		57B054071E4E3BD20057E62F /* Release */ = {
			isa = XCBuildConfiguration;
			buildSettings = {
				ALWAYS_EMBED_SWIFT_STANDARD_LIBRARIES = YES;
				DEVELOPMENT_TEAM = DS2QAADY9B;
				INFOPLIST_FILE = CardsMultiUITests/Info.plist;
				LD_RUNPATH_SEARCH_PATHS = "$(inherited) @executable_path/Frameworks @loader_path/Frameworks";
				PRODUCT_BUNDLE_IDENTIFIER = com.victorius.CardsMultiUITests;
				PRODUCT_NAME = "$(TARGET_NAME)";
				SWIFT_VERSION = 3.0;
				TEST_TARGET_NAME = CardsMulti;
			};
			name = Release;
		};
/* End XCBuildConfiguration section */

/* Begin XCConfigurationList section */
		57B053CC1E4E3BD20057E62F /* Build configuration list for PBXProject "CardsMulti" */ = {
			isa = XCConfigurationList;
			buildConfigurations = (
				57B053FD1E4E3BD20057E62F /* Debug */,
				57B053FE1E4E3BD20057E62F /* Release */,
			);
			defaultConfigurationIsVisible = 0;
			defaultConfigurationName = Release;
		};
		57B053FF1E4E3BD20057E62F /* Build configuration list for PBXNativeTarget "CardsMulti" */ = {
			isa = XCConfigurationList;
			buildConfigurations = (
				57B054001E4E3BD20057E62F /* Debug */,
				57B054011E4E3BD20057E62F /* Release */,
			);
			defaultConfigurationIsVisible = 0;
			defaultConfigurationName = Release;
		};
		57B054021E4E3BD20057E62F /* Build configuration list for PBXNativeTarget "CardsMultiTests" */ = {
			isa = XCConfigurationList;
			buildConfigurations = (
				57B054031E4E3BD20057E62F /* Debug */,
				57B054041E4E3BD20057E62F /* Release */,
			);
			defaultConfigurationIsVisible = 0;
			defaultConfigurationName = Release;
		};
		57B054051E4E3BD20057E62F /* Build configuration list for PBXNativeTarget "CardsMultiUITests" */ = {
			isa = XCConfigurationList;
			buildConfigurations = (
				57B054061E4E3BD20057E62F /* Debug */,
				57B054071E4E3BD20057E62F /* Release */,
			);
			defaultConfigurationIsVisible = 0;
			defaultConfigurationName = Release;
		};
/* End XCConfigurationList section */
	};
	rootObject = 57B053C91E4E3BD20057E62F /* Project object */;
}
