// !$*UTF8*$!
{
	archiveVersion = 1;
	classes = {
	};
	objectVersion = 46;
	objects = {

/* Begin PBXBuildFile section */
		570218262373B39600310A67 /* CardSizeTableViewCell.xib in Resources */ = {isa = PBXBuildFile; fileRef = 570218252373B39600310A67 /* CardSizeTableViewCell.xib */; };
		570218282373B44100310A67 /* CardSizeTableViewCell.swift in Sources */ = {isa = PBXBuildFile; fileRef = 570218272373B44100310A67 /* CardSizeTableViewCell.swift */; };
		570218292373B52500310A67 /* CardSizeTableViewCell.xib in Resources */ = {isa = PBXBuildFile; fileRef = 570218252373B39600310A67 /* CardSizeTableViewCell.xib */; };
		5702182A2373B52600310A67 /* CardSizeTableViewCell.xib in Resources */ = {isa = PBXBuildFile; fileRef = 570218252373B39600310A67 /* CardSizeTableViewCell.xib */; };
		5702182B2373B6D500310A67 /* CardSizeTableViewCell.swift in Sources */ = {isa = PBXBuildFile; fileRef = 570218272373B44100310A67 /* CardSizeTableViewCell.swift */; };
		5702182C2373B6D600310A67 /* CardSizeTableViewCell.swift in Sources */ = {isa = PBXBuildFile; fileRef = 570218272373B44100310A67 /* CardSizeTableViewCell.swift */; };
		57085DCD2ACBA6160084A42B /* GameGoFish.swift in Sources */ = {isa = PBXBuildFile; fileRef = 570C3972233697E200A2882C /* GameGoFish.swift */; };
		57085E082AD1095C0084A42B /* GameGoFish.swift in Sources */ = {isa = PBXBuildFile; fileRef = 570C3972233697E200A2882C /* GameGoFish.swift */; };
		57085E092AD109600084A42B /* GameGoFish.swift in Sources */ = {isa = PBXBuildFile; fileRef = 570C3972233697E200A2882C /* GameGoFish.swift */; };
		57085E0F2AD342F40084A42B /* RankPickerView.swift in Sources */ = {isa = PBXBuildFile; fileRef = 57085E0E2AD342F40084A42B /* RankPickerView.swift */; };
		570A8110249EB8FC001096E1 /* WsMessage.swift in Sources */ = {isa = PBXBuildFile; fileRef = 570A810F249EB8FC001096E1 /* WsMessage.swift */; };
		570C397523369C4D00A2882C /* Player.swift in Sources */ = {isa = PBXBuildFile; fileRef = 570C397423369C4D00A2882C /* Player.swift */; };
		571278F22AE612B5004AA6B8 /* SettingsView.swift in Sources */ = {isa = PBXBuildFile; fileRef = 571278F12AE612B5004AA6B8 /* SettingsView.swift */; };
		571278F42AE6131B004AA6B8 /* TextEditView.swift in Sources */ = {isa = PBXBuildFile; fileRef = 571278F32AE6131B004AA6B8 /* TextEditView.swift */; };
		571278F72AE61388004AA6B8 /* TextFieldView.swift in Sources */ = {isa = PBXBuildFile; fileRef = 571278F62AE61388004AA6B8 /* TextFieldView.swift */; };
		571278F92AE76753004AA6B8 /* PickerCellView.swift in Sources */ = {isa = PBXBuildFile; fileRef = 571278F82AE76753004AA6B8 /* PickerCellView.swift */; };
		571BBC63294557D100C43B69 /* GameSceneBase.swift in Sources */ = {isa = PBXBuildFile; fileRef = 571BBC61294557D100C43B69 /* GameSceneBase.swift */; };
		571BBC64294557D100C43B69 /* GameSceneFactory.swift in Sources */ = {isa = PBXBuildFile; fileRef = 571BBC62294557D100C43B69 /* GameSceneFactory.swift */; };
		57213CF0268903E800753AC4 /* TemporarySettings.swift in Sources */ = {isa = PBXBuildFile; fileRef = 57213CEF268903E800753AC4 /* TemporarySettings.swift */; };
		57213CF1268903F600753AC4 /* TemporarySettings.swift in Sources */ = {isa = PBXBuildFile; fileRef = 57213CEF268903E800753AC4 /* TemporarySettings.swift */; };
		57272556256AE697008A8171 /* RequestData.swift in Sources */ = {isa = PBXBuildFile; fileRef = 57272555256AE697008A8171 /* RequestData.swift */; };
		5732550D267A683C003B8834 /* Localizable.strings in Resources */ = {isa = PBXBuildFile; fileRef = 5732550F267A683C003B8834 /* Localizable.strings */; };
		57325512267A699E003B8834 /* String.swift in Sources */ = {isa = PBXBuildFile; fileRef = 57325511267A699E003B8834 /* String.swift */; };
		573FD5862399F30C009BDBF9 /* GameType.swift in Sources */ = {isa = PBXBuildFile; fileRef = 573FD5852399F30C009BDBF9 /* GameType.swift */; };
		573FD588239F343F009BDBF9 /* PlayArea.swift in Sources */ = {isa = PBXBuildFile; fileRef = 573FD587239F343F009BDBF9 /* PlayArea.swift */; };
		5740504E1E5E890000316AEB /* card_flip.m4a in Resources */ = {isa = PBXBuildFile; fileRef = 5740504C1E5E890000316AEB /* card_flip.m4a */; };
		574050551E5F82AA00316AEB /* UIDevice.swift in Sources */ = {isa = PBXBuildFile; fileRef = 574050541E5F82AA00316AEB /* UIDevice.swift */; };
		574693522367CB9D00AB6516 /* StoredBase.swift in Sources */ = {isa = PBXBuildFile; fileRef = 574693512367CB9D00AB6516 /* StoredBase.swift */; };
		574693532367CBCD00AB6516 /* StoredBase.swift in Sources */ = {isa = PBXBuildFile; fileRef = 574693512367CB9D00AB6516 /* StoredBase.swift */; };
		574693542367CBCD00AB6516 /* StoredBase.swift in Sources */ = {isa = PBXBuildFile; fileRef = 574693512367CB9D00AB6516 /* StoredBase.swift */; };
		574693562367CD4600AB6516 /* GameState.swift in Sources */ = {isa = PBXBuildFile; fileRef = 574693552367CD4600AB6516 /* GameState.swift */; };
		574725C8243C072E0094FF39 /* GridView.swift in Sources */ = {isa = PBXBuildFile; fileRef = 574725C7243C072E0094FF39 /* GridView.swift */; };
		5748641826DE62F4005517BB /* StoredGameSettings.swift in Sources */ = {isa = PBXBuildFile; fileRef = 5748641726DE62F4005517BB /* StoredGameSettings.swift */; };
		5750E3E92AF888EA00FE7AE1 /* ProductManager.swift in Sources */ = {isa = PBXBuildFile; fileRef = 57ED4A5A2AEDF79D00733918 /* ProductManager.swift */; };
		5750E3EA2AF888FA00FE7AE1 /* StoredValue.swift in Sources */ = {isa = PBXBuildFile; fileRef = 57ED4A5F2AF486F300733918 /* StoredValue.swift */; };
		5750E3F02AFFD1F800FE7AE1 /* SettingsCardSizeView.swift in Sources */ = {isa = PBXBuildFile; fileRef = 5750E3EF2AFFD1F800FE7AE1 /* SettingsCardSizeView.swift */; };
		5750E3F32B018A0E00FE7AE1 /* SettingsCardSizeView.swift in Sources */ = {isa = PBXBuildFile; fileRef = 5750E3EF2AFFD1F800FE7AE1 /* SettingsCardSizeView.swift */; };
		5750E3F42B018A1600FE7AE1 /* SettingsCardSizeView.swift in Sources */ = {isa = PBXBuildFile; fileRef = 5750E3EF2AFFD1F800FE7AE1 /* SettingsCardSizeView.swift */; };
		575F28071E62501600AE0C53 /* card_slide.m4a in Resources */ = {isa = PBXBuildFile; fileRef = 575F28061E62501600AE0C53 /* card_slide.m4a */; };
		576A36462752C6540045B159 /* CardScaleSlider.swift in Sources */ = {isa = PBXBuildFile; fileRef = 576A36452752C6540045B159 /* CardScaleSlider.swift */; };
		576C1D082AEDCAE1003276F7 /* RankPickerView.swift in Sources */ = {isa = PBXBuildFile; fileRef = 57085E0E2AD342F40084A42B /* RankPickerView.swift */; };
		576C1D092AEDCAE2003276F7 /* RankPickerView.swift in Sources */ = {isa = PBXBuildFile; fileRef = 57085E0E2AD342F40084A42B /* RankPickerView.swift */; };
		576C1D0A2AEDCAE9003276F7 /* SettingsView.swift in Sources */ = {isa = PBXBuildFile; fileRef = 571278F12AE612B5004AA6B8 /* SettingsView.swift */; };
		576C1D0C2AEDCAEF003276F7 /* PickerCellView.swift in Sources */ = {isa = PBXBuildFile; fileRef = 571278F82AE76753004AA6B8 /* PickerCellView.swift */; };
		576C1D0D2AEDCAF0003276F7 /* PickerCellView.swift in Sources */ = {isa = PBXBuildFile; fileRef = 571278F82AE76753004AA6B8 /* PickerCellView.swift */; };
		576C1D0E2AEDCAF3003276F7 /* TextFieldView.swift in Sources */ = {isa = PBXBuildFile; fileRef = 571278F62AE61388004AA6B8 /* TextFieldView.swift */; };
		576C1D0F2AEDCAF4003276F7 /* TextFieldView.swift in Sources */ = {isa = PBXBuildFile; fileRef = 571278F62AE61388004AA6B8 /* TextFieldView.swift */; };
		576C1D102AEDCAF7003276F7 /* TextEditView.swift in Sources */ = {isa = PBXBuildFile; fileRef = 571278F32AE6131B004AA6B8 /* TextEditView.swift */; };
		576C1D112AEDCAF7003276F7 /* TextEditView.swift in Sources */ = {isa = PBXBuildFile; fileRef = 571278F32AE6131B004AA6B8 /* TextEditView.swift */; };
		576C1D122AEDCB4C003276F7 /* SettingsView.swift in Sources */ = {isa = PBXBuildFile; fileRef = 571278F12AE612B5004AA6B8 /* SettingsView.swift */; };
		5781B069295292AD009D3C4A /* CardScaleSlider.swift in Sources */ = {isa = PBXBuildFile; fileRef = 576A36452752C6540045B159 /* CardScaleSlider.swift */; };
		5781B06A295292CE009D3C4A /* FlashMessageLabel.swift in Sources */ = {isa = PBXBuildFile; fileRef = 57A7169426E6672C0073C0E1 /* FlashMessageLabel.swift */; };
		5781B06B295292F1009D3C4A /* GameSceneBase.swift in Sources */ = {isa = PBXBuildFile; fileRef = 571BBC61294557D100C43B69 /* GameSceneBase.swift */; };
		5781B06C29529300009D3C4A /* UIStrings.swift in Sources */ = {isa = PBXBuildFile; fileRef = 57DA7BD226AC9B5200F3CA8F /* UIStrings.swift */; };
		5781B06D2952931E009D3C4A /* Message.swift in Sources */ = {isa = PBXBuildFile; fileRef = 57A7169826E6A5E20073C0E1 /* Message.swift */; };
		5781B06E29529338009D3C4A /* StoredGameSettings.swift in Sources */ = {isa = PBXBuildFile; fileRef = 5748641726DE62F4005517BB /* StoredGameSettings.swift */; };
		5781B06F2952966D009D3C4A /* UIViewController.swift in Sources */ = {isa = PBXBuildFile; fileRef = 57D5708F26879DA60050B28E /* UIViewController.swift */; };
		5781B0702952967E009D3C4A /* GameSceneFactory.swift in Sources */ = {isa = PBXBuildFile; fileRef = 571BBC62294557D100C43B69 /* GameSceneFactory.swift */; };
		578742BB2586D054004C9DBB /* ReceivedDataHandler.swift in Sources */ = {isa = PBXBuildFile; fileRef = 578742BA2586D054004C9DBB /* ReceivedDataHandler.swift */; };
		578742BC2586D054004C9DBB /* ReceivedDataHandler.swift in Sources */ = {isa = PBXBuildFile; fileRef = 578742BA2586D054004C9DBB /* ReceivedDataHandler.swift */; };
		57897FF81E85652400B1D4A6 /* Config.swift in Sources */ = {isa = PBXBuildFile; fileRef = 57897FF71E85652400B1D4A6 /* Config.swift */; };
		57897FFA1E85658D00B1D4A6 /* Switch.swift in Sources */ = {isa = PBXBuildFile; fileRef = 57897FF91E85658D00B1D4A6 /* Switch.swift */; };
		578B1C551E7EF960008B8381 /* GameViewController.swift in Sources */ = {isa = PBXBuildFile; fileRef = 57B053DC1E4E3BD20057E62F /* GameViewController.swift */; };
		578B1C571E7EFB04008B8381 /* ConnectionServiceManager.swift in Sources */ = {isa = PBXBuildFile; fileRef = 57B054081E4E40750057E62F /* ConnectionServiceManager.swift */; };
		578B1C581E7EFB0A008B8381 /* GameScene.swift in Sources */ = {isa = PBXBuildFile; fileRef = 57B053DA1E4E3BD20057E62F /* GameScene.swift */; };
		578B1C591E7EFB17008B8381 /* BottomButton.swift in Sources */ = {isa = PBXBuildFile; fileRef = 57E97B0C1E7479F5000243B2 /* BottomButton.swift */; };
		578B1C5B1E7EFB33008B8381 /* CardSpriteNode.swift in Sources */ = {isa = PBXBuildFile; fileRef = 57B054121E4E75F30057E62F /* CardSpriteNode.swift */; };
		578B1C5C1E7EFB37008B8381 /* Position.swift in Sources */ = {isa = PBXBuildFile; fileRef = 57E97B091E7368B3000243B2 /* Position.swift */; };
		578B1C5D1E7EFBCB008B8381 /* StoredSettings.swift in Sources */ = {isa = PBXBuildFile; fileRef = 57E97B101E74A651000243B2 /* StoredSettings.swift */; };
		578B1C5E1E7EFBD3008B8381 /* Math.swift in Sources */ = {isa = PBXBuildFile; fileRef = 57B054161E4E766A0057E62F /* Math.swift */; };
		578B1C5F1E7EFBD6008B8381 /* Global.swift in Sources */ = {isa = PBXBuildFile; fileRef = 57B054181E4E7AC70057E62F /* Global.swift */; };
		578B1C601E7EFBD9008B8381 /* Card.swift in Sources */ = {isa = PBXBuildFile; fileRef = 57B054111E4E75F30057E62F /* Card.swift */; };
		578B1C611E7EFBDC008B8381 /* Actions.swift in Sources */ = {isa = PBXBuildFile; fileRef = 57B9C8F31E58FAA900F8E25B /* Actions.swift */; };
		578B1C621E7EFBE1008B8381 /* Rank.swift in Sources */ = {isa = PBXBuildFile; fileRef = 57B0540B1E4E75B10057E62F /* Rank.swift */; };
		578B1C631E7EFBE4008B8381 /* Suit.swift in Sources */ = {isa = PBXBuildFile; fileRef = 57B0540C1E4E75B10057E62F /* Suit.swift */; };
		578B1C641E7EFBE7008B8381 /* UIDevice.swift in Sources */ = {isa = PBXBuildFile; fileRef = 574050541E5F82AA00316AEB /* UIDevice.swift */; };
		578DB6692677E1010034BB45 /* TextEditCell.xib in Resources */ = {isa = PBXBuildFile; fileRef = 578DB6682677E1010034BB45 /* TextEditCell.xib */; };
		578DB66B2677E1620034BB45 /* TextEditCell.swift in Sources */ = {isa = PBXBuildFile; fileRef = 578DB66A2677E1620034BB45 /* TextEditCell.swift */; };
		578F40C423778D9300719821 /* Solitaire.swift in Sources */ = {isa = PBXBuildFile; fileRef = 578F40C323778D9300719821 /* Solitaire.swift */; };
		578F40C62377923100719821 /* SnapLocation.swift in Sources */ = {isa = PBXBuildFile; fileRef = 578F40C52377923100719821 /* SnapLocation.swift */; };
		578F40C72377924400719821 /* SnapLocation.swift in Sources */ = {isa = PBXBuildFile; fileRef = 578F40C52377923100719821 /* SnapLocation.swift */; };
		578F40C82377924400719821 /* SnapLocation.swift in Sources */ = {isa = PBXBuildFile; fileRef = 578F40C52377923100719821 /* SnapLocation.swift */; };
		57A7169526E6672C0073C0E1 /* FlashMessageLabel.swift in Sources */ = {isa = PBXBuildFile; fileRef = 57A7169426E6672C0073C0E1 /* FlashMessageLabel.swift */; };
		57A7169926E6A5E20073C0E1 /* Message.swift in Sources */ = {isa = PBXBuildFile; fileRef = 57A7169826E6A5E20073C0E1 /* Message.swift */; };
		57B053D51E4E3BD20057E62F /* AppDelegate.swift in Sources */ = {isa = PBXBuildFile; fileRef = 57B053D41E4E3BD20057E62F /* AppDelegate.swift */; };
		57B053DB1E4E3BD20057E62F /* GameScene.swift in Sources */ = {isa = PBXBuildFile; fileRef = 57B053DA1E4E3BD20057E62F /* GameScene.swift */; };
		57B053DD1E4E3BD20057E62F /* GameViewController.swift in Sources */ = {isa = PBXBuildFile; fileRef = 57B053DC1E4E3BD20057E62F /* GameViewController.swift */; };
		57B053E01E4E3BD20057E62F /* Main.storyboard in Resources */ = {isa = PBXBuildFile; fileRef = 57B053DE1E4E3BD20057E62F /* Main.storyboard */; };
		57B053E21E4E3BD20057E62F /* Assets.xcassets in Resources */ = {isa = PBXBuildFile; fileRef = 57B053E11E4E3BD20057E62F /* Assets.xcassets */; };
		57B053E51E4E3BD20057E62F /* LaunchScreen.storyboard in Resources */ = {isa = PBXBuildFile; fileRef = 57B053E31E4E3BD20057E62F /* LaunchScreen.storyboard */; };
		57B053F01E4E3BD20057E62F /* CardsMultiTests.swift in Sources */ = {isa = PBXBuildFile; fileRef = 57B053EF1E4E3BD20057E62F /* CardsMultiTests.swift */; };
		57B053FB1E4E3BD20057E62F /* CardsMultiUITests.swift in Sources */ = {isa = PBXBuildFile; fileRef = 57B053FA1E4E3BD20057E62F /* CardsMultiUITests.swift */; };
		57B054091E4E40750057E62F /* ConnectionServiceManager.swift in Sources */ = {isa = PBXBuildFile; fileRef = 57B054081E4E40750057E62F /* ConnectionServiceManager.swift */; };
		57B0540D1E4E75B10057E62F /* Rank.swift in Sources */ = {isa = PBXBuildFile; fileRef = 57B0540B1E4E75B10057E62F /* Rank.swift */; };
		57B0540E1E4E75B10057E62F /* Suit.swift in Sources */ = {isa = PBXBuildFile; fileRef = 57B0540C1E4E75B10057E62F /* Suit.swift */; };
		57B054131E4E75F30057E62F /* Card.swift in Sources */ = {isa = PBXBuildFile; fileRef = 57B054111E4E75F30057E62F /* Card.swift */; };
		57B054141E4E75F30057E62F /* CardSpriteNode.swift in Sources */ = {isa = PBXBuildFile; fileRef = 57B054121E4E75F30057E62F /* CardSpriteNode.swift */; };
		57B054171E4E766A0057E62F /* Math.swift in Sources */ = {isa = PBXBuildFile; fileRef = 57B054161E4E766A0057E62F /* Math.swift */; };
		57B054191E4E7AC70057E62F /* Global.swift in Sources */ = {isa = PBXBuildFile; fileRef = 57B054181E4E7AC70057E62F /* Global.swift */; };
		57B8732F234584D4001A54DD /* Switch.swift in Sources */ = {isa = PBXBuildFile; fileRef = 57897FF91E85658D00B1D4A6 /* Switch.swift */; };
		57B87330234584D5001A54DD /* Switch.swift in Sources */ = {isa = PBXBuildFile; fileRef = 57897FF91E85658D00B1D4A6 /* Switch.swift */; };
		57B9C8F41E58FAA900F8E25B /* Actions.swift in Sources */ = {isa = PBXBuildFile; fileRef = 57B9C8F31E58FAA900F8E25B /* Actions.swift */; };
		57BB31D3234BFC0C00AE2CDC /* PopUpMenu.swift in Sources */ = {isa = PBXBuildFile; fileRef = 57BB31D2234BFC0C00AE2CDC /* PopUpMenu.swift */; };
		57BB31D52353BA8700AE2CDC /* PlayerStatusLabel.swift in Sources */ = {isa = PBXBuildFile; fileRef = 57BB31D42353BA8700AE2CDC /* PlayerStatusLabel.swift */; };
		57BB31D62353BAA200AE2CDC /* PlayerStatusLabel.swift in Sources */ = {isa = PBXBuildFile; fileRef = 57BB31D42353BA8700AE2CDC /* PlayerStatusLabel.swift */; };
		57BB31D72353BAA200AE2CDC /* PlayerStatusLabel.swift in Sources */ = {isa = PBXBuildFile; fileRef = 57BB31D42353BA8700AE2CDC /* PlayerStatusLabel.swift */; };
		57BB31DD23569DA200AE2CDC /* SettingsTableController.swift in Sources */ = {isa = PBXBuildFile; fileRef = 57BB31DC23569DA200AE2CDC /* SettingsTableController.swift */; };
		57BB31DE23569DA200AE2CDC /* SettingsTableController.swift in Sources */ = {isa = PBXBuildFile; fileRef = 57BB31DC23569DA200AE2CDC /* SettingsTableController.swift */; };
		57BB31DF23569DA200AE2CDC /* SettingsTableController.swift in Sources */ = {isa = PBXBuildFile; fileRef = 57BB31DC23569DA200AE2CDC /* SettingsTableController.swift */; };
		57C626122346E6D6008A9872 /* CardSlider.swift in Sources */ = {isa = PBXBuildFile; fileRef = 57C626112346E6D6008A9872 /* CardSlider.swift */; };
		57C626132346E6DB008A9872 /* CardSlider.swift in Sources */ = {isa = PBXBuildFile; fileRef = 57C626112346E6D6008A9872 /* CardSlider.swift */; };
		57C626142346E6DB008A9872 /* CardSlider.swift in Sources */ = {isa = PBXBuildFile; fileRef = 57C626112346E6D6008A9872 /* CardSlider.swift */; };
		57C8B91C241715A700100DDE /* Score.swift in Sources */ = {isa = PBXBuildFile; fileRef = 57C8B91B241715A700100DDE /* Score.swift */; };
		57C8B91D2426A1B700100DDE /* GameType.swift in Sources */ = {isa = PBXBuildFile; fileRef = 573FD5852399F30C009BDBF9 /* GameType.swift */; };
		57C8B9202426A44000100DDE /* Score.swift in Sources */ = {isa = PBXBuildFile; fileRef = 57C8B91B241715A700100DDE /* Score.swift */; };
		57D3DB9C257BF1DC00A52171 /* RequestDataTests.swift in Sources */ = {isa = PBXBuildFile; fileRef = 57D3DB9B257BF1DC00A52171 /* RequestDataTests.swift */; };
		57D5707A267F840B0050B28E /* GameConfigs.swift in Sources */ = {isa = PBXBuildFile; fileRef = 57D57079267F840B0050B28E /* GameConfigs.swift */; };
		57D5707B267F84FB0050B28E /* GameConfigs.swift in Sources */ = {isa = PBXBuildFile; fileRef = 57D57079267F840B0050B28E /* GameConfigs.swift */; };
		57D5707E267FAFA90050B28E /* gameTypes.json in Resources */ = {isa = PBXBuildFile; fileRef = 57D5707D267FAFA90050B28E /* gameTypes.json */; };
		57D57080267FD3E90050B28E /* GameConfigsTests.swift in Sources */ = {isa = PBXBuildFile; fileRef = 57D5707F267FD3E90050B28E /* GameConfigsTests.swift */; };
		57D57081267FD53F0050B28E /* String.swift in Sources */ = {isa = PBXBuildFile; fileRef = 57325511267A699E003B8834 /* String.swift */; };
		57D57082267FD54F0050B28E /* TextEditCell.xib in Resources */ = {isa = PBXBuildFile; fileRef = 578DB6682677E1010034BB45 /* TextEditCell.xib */; };
		57D57083267FD5500050B28E /* TextEditCell.xib in Resources */ = {isa = PBXBuildFile; fileRef = 578DB6682677E1010034BB45 /* TextEditCell.xib */; };
		57D57084267FD5570050B28E /* Localizable.strings in Resources */ = {isa = PBXBuildFile; fileRef = 5732550F267A683C003B8834 /* Localizable.strings */; };
		57D57086267FD5660050B28E /* gameTypes.json in Resources */ = {isa = PBXBuildFile; fileRef = 57D5707D267FAFA90050B28E /* gameTypes.json */; };
		57D57087267FD5950050B28E /* TextEditCell.swift in Sources */ = {isa = PBXBuildFile; fileRef = 578DB66A2677E1620034BB45 /* TextEditCell.swift */; };
		57D57088267FD5950050B28E /* TextEditCell.swift in Sources */ = {isa = PBXBuildFile; fileRef = 578DB66A2677E1620034BB45 /* TextEditCell.swift */; };
		57D5708C267FD7DD0050B28E /* gameConfigs1.json in Resources */ = {isa = PBXBuildFile; fileRef = 57D5708B267FD7DD0050B28E /* gameConfigs1.json */; };
		57D5709026879DA60050B28E /* UIViewController.swift in Sources */ = {isa = PBXBuildFile; fileRef = 57D5708F26879DA60050B28E /* UIViewController.swift */; };
		57D570982687B2490050B28E /* Settings.swift in Sources */ = {isa = PBXBuildFile; fileRef = 57D570972687B2490050B28E /* Settings.swift */; };
		57D570992687B2490050B28E /* Settings.swift in Sources */ = {isa = PBXBuildFile; fileRef = 57D570972687B2490050B28E /* Settings.swift */; };
		57D6560423651BA000DA69C4 /* CoreGraphics.swift in Sources */ = {isa = PBXBuildFile; fileRef = 57D6560323651BA000DA69C4 /* CoreGraphics.swift */; };
		57D6560523651BBD00DA69C4 /* CoreGraphics.swift in Sources */ = {isa = PBXBuildFile; fileRef = 57D6560323651BA000DA69C4 /* CoreGraphics.swift */; };
		57D6560623651BBE00DA69C4 /* CoreGraphics.swift in Sources */ = {isa = PBXBuildFile; fileRef = 57D6560323651BA000DA69C4 /* CoreGraphics.swift */; };
		57DA7BCB26A853AA00F3CA8F /* FreeCell.swift in Sources */ = {isa = PBXBuildFile; fileRef = 57DA7BCA26A853AA00F3CA8F /* FreeCell.swift */; };
		57DA7BCC26A8546600F3CA8F /* FreeCell.swift in Sources */ = {isa = PBXBuildFile; fileRef = 57DA7BCA26A853AA00F3CA8F /* FreeCell.swift */; };
		57DA7BCE26A8C9EF00F3CA8F /* StoreKit.framework in Frameworks */ = {isa = PBXBuildFile; fileRef = 57DA7BCD26A8C9EF00F3CA8F /* StoreKit.framework */; };
		57DA7BD026AC949800F3CA8F /* StoreObserver.swift in Sources */ = {isa = PBXBuildFile; fileRef = 57DA7BCF26AC949800F3CA8F /* StoreObserver.swift */; };
		57DA7BD126AC962600F3CA8F /* StoreObserver.swift in Sources */ = {isa = PBXBuildFile; fileRef = 57DA7BCF26AC949800F3CA8F /* StoreObserver.swift */; };
		57DA7BD326AC9B5200F3CA8F /* UIStrings.swift in Sources */ = {isa = PBXBuildFile; fileRef = 57DA7BD226AC9B5200F3CA8F /* UIStrings.swift */; };
		57DA7BD526ACA6D900F3CA8F /* ProductIds.plist in Resources */ = {isa = PBXBuildFile; fileRef = 57DA7BD426ACA6D900F3CA8F /* ProductIds.plist */; };
		57DA7BD626ACA6D900F3CA8F /* ProductIds.plist in Resources */ = {isa = PBXBuildFile; fileRef = 57DA7BD426ACA6D900F3CA8F /* ProductIds.plist */; };
		57DA7BD826ACA96600F3CA8F /* StoreManager.swift in Sources */ = {isa = PBXBuildFile; fileRef = 57DA7BD726ACA96600F3CA8F /* StoreManager.swift */; };
		57DA7BD926ACA96600F3CA8F /* StoreManager.swift in Sources */ = {isa = PBXBuildFile; fileRef = 57DA7BD726ACA96600F3CA8F /* StoreManager.swift */; };
		57DA7BDB26ADB51800F3CA8F /* ProductsTableController.swift in Sources */ = {isa = PBXBuildFile; fileRef = 57DA7BDA26ADB51800F3CA8F /* ProductsTableController.swift */; };
		57DA7BDC26ADB51800F3CA8F /* ProductsTableController.swift in Sources */ = {isa = PBXBuildFile; fileRef = 57DA7BDA26ADB51800F3CA8F /* ProductsTableController.swift */; };
		57DA7BDE26ADECEA00F3CA8F /* ProductIdentifiers.swift in Sources */ = {isa = PBXBuildFile; fileRef = 57DA7BDD26ADECEA00F3CA8F /* ProductIdentifiers.swift */; };
		57DA7BDF26ADECEA00F3CA8F /* ProductIdentifiers.swift in Sources */ = {isa = PBXBuildFile; fileRef = 57DA7BDD26ADECEA00F3CA8F /* ProductIdentifiers.swift */; };
		57DA7BE126AE4B1A00F3CA8F /* SKProduct.swift in Sources */ = {isa = PBXBuildFile; fileRef = 57DA7BE026AE4B1A00F3CA8F /* SKProduct.swift */; };
		57DA7BE226AE4B1A00F3CA8F /* SKProduct.swift in Sources */ = {isa = PBXBuildFile; fileRef = 57DA7BE026AE4B1A00F3CA8F /* SKProduct.swift */; };
		57DA7C2026BC976200F3CA8F /* Products.plist in Resources */ = {isa = PBXBuildFile; fileRef = 57DA7C1F26BC976200F3CA8F /* Products.plist */; };
		57DA7C2126BC976200F3CA8F /* Products.plist in Resources */ = {isa = PBXBuildFile; fileRef = 57DA7C1F26BC976200F3CA8F /* Products.plist */; };
		57DD918D25853F6D0086336D /* Player.swift in Sources */ = {isa = PBXBuildFile; fileRef = 570C397423369C4D00A2882C /* Player.swift */; };
		57DD919125853F770086336D /* GameState.swift in Sources */ = {isa = PBXBuildFile; fileRef = 574693552367CD4600AB6516 /* GameState.swift */; };
		57DD919525853F7C0086336D /* PlayArea.swift in Sources */ = {isa = PBXBuildFile; fileRef = 573FD587239F343F009BDBF9 /* PlayArea.swift */; };
		57DD919925853F820086336D /* WsMessage.swift in Sources */ = {isa = PBXBuildFile; fileRef = 570A810F249EB8FC001096E1 /* WsMessage.swift */; };
		57DD919D25853F850086336D /* RequestData.swift in Sources */ = {isa = PBXBuildFile; fileRef = 57272555256AE697008A8171 /* RequestData.swift */; };
		57DD91A125853F900086336D /* WsRequestSender.swift in Sources */ = {isa = PBXBuildFile; fileRef = 57F400FE248D6D7800EF71D5 /* WsRequestSender.swift */; };
		57DD91A925853FB30086336D /* Solitaire.swift in Sources */ = {isa = PBXBuildFile; fileRef = 578F40C323778D9300719821 /* Solitaire.swift */; };
		57DD91AD25853FE90086336D /* PopUpMenu.swift in Sources */ = {isa = PBXBuildFile; fileRef = 57BB31D2234BFC0C00AE2CDC /* PopUpMenu.swift */; };
		57DD91B125853FEF0086336D /* PopUpMenu.swift in Sources */ = {isa = PBXBuildFile; fileRef = 57BB31D2234BFC0C00AE2CDC /* PopUpMenu.swift */; };
		57DD91B525853FF80086336D /* ScoresViewController.swift in Sources */ = {isa = PBXBuildFile; fileRef = 57F70560243A7A35009552AB /* ScoresViewController.swift */; };
		57DD91B925853FFB0086336D /* ScoreCell.swift in Sources */ = {isa = PBXBuildFile; fileRef = 57F70566243A857B009552AB /* ScoreCell.swift */; };
		57DD91BD25853FFE0086336D /* ScoreCell.swift in Sources */ = {isa = PBXBuildFile; fileRef = 57F70566243A857B009552AB /* ScoreCell.swift */; };
		57DD91C1258540010086336D /* GridView.swift in Sources */ = {isa = PBXBuildFile; fileRef = 574725C7243C072E0094FF39 /* GridView.swift */; };
		57DD91C5258540020086336D /* GridView.swift in Sources */ = {isa = PBXBuildFile; fileRef = 574725C7243C072E0094FF39 /* GridView.swift */; };
		57E0935B2125DCAF00D4E4F6 /* MovingDirection.swift in Sources */ = {isa = PBXBuildFile; fileRef = 57E0935A2125DCAF00D4E4F6 /* MovingDirection.swift */; };
		57E0935C212730DF00D4E4F6 /* MovingDirection.swift in Sources */ = {isa = PBXBuildFile; fileRef = 57E0935A2125DCAF00D4E4F6 /* MovingDirection.swift */; };
		57E0935D212730E500D4E4F6 /* Config.swift in Sources */ = {isa = PBXBuildFile; fileRef = 57897FF71E85652400B1D4A6 /* Config.swift */; };
		57E97B0A1E7368B4000243B2 /* Position.swift in Sources */ = {isa = PBXBuildFile; fileRef = 57E97B091E7368B3000243B2 /* Position.swift */; };
		57E97B0D1E7479F6000243B2 /* BottomButton.swift in Sources */ = {isa = PBXBuildFile; fileRef = 57E97B0C1E7479F5000243B2 /* BottomButton.swift */; };
		57E97B111E74A651000243B2 /* StoredSettings.swift in Sources */ = {isa = PBXBuildFile; fileRef = 57E97B101E74A651000243B2 /* StoredSettings.swift */; };
		57EA2B5E25B39DFD00536B47 /* MathTests.swift in Sources */ = {isa = PBXBuildFile; fileRef = 57EA2B5D25B39DFD00536B47 /* MathTests.swift */; };
		57ED4A5B2AEDF79D00733918 /* ProductManager.swift in Sources */ = {isa = PBXBuildFile; fileRef = 57ED4A5A2AEDF79D00733918 /* ProductManager.swift */; };
		57ED4A602AF486F300733918 /* StoredValue.swift in Sources */ = {isa = PBXBuildFile; fileRef = 57ED4A5F2AF486F300733918 /* StoredValue.swift */; };
		57F400FF248D6D7800EF71D5 /* WsRequestSender.swift in Sources */ = {isa = PBXBuildFile; fileRef = 57F400FE248D6D7800EF71D5 /* WsRequestSender.swift */; };
		57F70561243A7A35009552AB /* ScoresViewController.swift in Sources */ = {isa = PBXBuildFile; fileRef = 57F70560243A7A35009552AB /* ScoresViewController.swift */; };
		57F70567243A857B009552AB /* ScoreCell.swift in Sources */ = {isa = PBXBuildFile; fileRef = 57F70566243A857B009552AB /* ScoreCell.swift */; };
		7AF36F07313414DF60267185 /* Pods_CardsMultiTests.framework in Frameworks */ = {isa = PBXBuildFile; fileRef = 3C6DB5156A4A8348D5666310 /* Pods_CardsMultiTests.framework */; };
		DB45C3F501F4DA0B88BA27B8 /* Pods_CardsMulti.framework in Frameworks */ = {isa = PBXBuildFile; fileRef = 987F0BA579C9C4CB037CF4DF /* Pods_CardsMulti.framework */; };
		E1C2863A8F90E05C276664EB /* Pods_CardsMultiUITests.framework in Frameworks */ = {isa = PBXBuildFile; fileRef = CCCBBA39BBF31932BCA25228 /* Pods_CardsMultiUITests.framework */; };
/* End PBXBuildFile section */

/* Begin PBXContainerItemProxy section */
		57B053EC1E4E3BD20057E62F /* PBXContainerItemProxy */ = {
			isa = PBXContainerItemProxy;
			containerPortal = 57B053C91E4E3BD20057E62F /* Project object */;
			proxyType = 1;
			remoteGlobalIDString = 57B053D01E4E3BD20057E62F;
			remoteInfo = CardsMulti;
		};
		57B053F71E4E3BD20057E62F /* PBXContainerItemProxy */ = {
			isa = PBXContainerItemProxy;
			containerPortal = 57B053C91E4E3BD20057E62F /* Project object */;
			proxyType = 1;
			remoteGlobalIDString = 57B053D01E4E3BD20057E62F;
			remoteInfo = CardsMulti;
		};
/* End PBXContainerItemProxy section */

/* Begin PBXFileReference section */
		2A9865B4FE8ABB337E57C495 /* Pods-CardsMultiTests.release.xcconfig */ = {isa = PBXFileReference; includeInIndex = 1; lastKnownFileType = text.xcconfig; name = "Pods-CardsMultiTests.release.xcconfig"; path = "Target Support Files/Pods-CardsMultiTests/Pods-CardsMultiTests.release.xcconfig"; sourceTree = "<group>"; };
		3C6DB5156A4A8348D5666310 /* Pods_CardsMultiTests.framework */ = {isa = PBXFileReference; explicitFileType = wrapper.framework; includeInIndex = 0; path = Pods_CardsMultiTests.framework; sourceTree = BUILT_PRODUCTS_DIR; };
		570218252373B39600310A67 /* CardSizeTableViewCell.xib */ = {isa = PBXFileReference; lastKnownFileType = file.xib; path = CardSizeTableViewCell.xib; sourceTree = "<group>"; };
		570218272373B44100310A67 /* CardSizeTableViewCell.swift */ = {isa = PBXFileReference; lastKnownFileType = sourcecode.swift; path = CardSizeTableViewCell.swift; sourceTree = "<group>"; };
		57085E0E2AD342F40084A42B /* RankPickerView.swift */ = {isa = PBXFileReference; lastKnownFileType = sourcecode.swift; path = RankPickerView.swift; sourceTree = "<group>"; };
		570A810F249EB8FC001096E1 /* WsMessage.swift */ = {isa = PBXFileReference; lastKnownFileType = sourcecode.swift; path = WsMessage.swift; sourceTree = "<group>"; };
		570C3972233697E200A2882C /* GameGoFish.swift */ = {isa = PBXFileReference; lastKnownFileType = sourcecode.swift; path = GameGoFish.swift; sourceTree = "<group>"; };
		570C397423369C4D00A2882C /* Player.swift */ = {isa = PBXFileReference; lastKnownFileType = sourcecode.swift; path = Player.swift; sourceTree = "<group>"; };
		571278F12AE612B5004AA6B8 /* SettingsView.swift */ = {isa = PBXFileReference; lastKnownFileType = sourcecode.swift; path = SettingsView.swift; sourceTree = "<group>"; };
		571278F32AE6131B004AA6B8 /* TextEditView.swift */ = {isa = PBXFileReference; lastKnownFileType = sourcecode.swift; path = TextEditView.swift; sourceTree = "<group>"; };
		571278F62AE61388004AA6B8 /* TextFieldView.swift */ = {isa = PBXFileReference; lastKnownFileType = sourcecode.swift; path = TextFieldView.swift; sourceTree = "<group>"; };
		571278F82AE76753004AA6B8 /* PickerCellView.swift */ = {isa = PBXFileReference; lastKnownFileType = sourcecode.swift; path = PickerCellView.swift; sourceTree = "<group>"; };
		571BBC61294557D100C43B69 /* GameSceneBase.swift */ = {isa = PBXFileReference; fileEncoding = 4; lastKnownFileType = sourcecode.swift; path = GameSceneBase.swift; sourceTree = "<group>"; };
		571BBC62294557D100C43B69 /* GameSceneFactory.swift */ = {isa = PBXFileReference; fileEncoding = 4; lastKnownFileType = sourcecode.swift; path = GameSceneFactory.swift; sourceTree = "<group>"; };
		57213CEF268903E800753AC4 /* TemporarySettings.swift */ = {isa = PBXFileReference; lastKnownFileType = sourcecode.swift; name = TemporarySettings.swift; path = classes/TemporarySettings.swift; sourceTree = "<group>"; };
		57272555256AE697008A8171 /* RequestData.swift */ = {isa = PBXFileReference; lastKnownFileType = sourcecode.swift; path = RequestData.swift; sourceTree = "<group>"; };
		5732550E267A683C003B8834 /* en */ = {isa = PBXFileReference; lastKnownFileType = text.plist.strings; name = en; path = en.lproj/Localizable.strings; sourceTree = "<group>"; };
		57325510267A6878003B8834 /* ru */ = {isa = PBXFileReference; lastKnownFileType = text.plist.strings; name = ru; path = ru.lproj/Localizable.strings; sourceTree = "<group>"; };
		57325511267A699E003B8834 /* String.swift */ = {isa = PBXFileReference; lastKnownFileType = sourcecode.swift; path = String.swift; sourceTree = "<group>"; };
		573FD5852399F30C009BDBF9 /* GameType.swift */ = {isa = PBXFileReference; lastKnownFileType = sourcecode.swift; path = GameType.swift; sourceTree = "<group>"; };
		573FD587239F343F009BDBF9 /* PlayArea.swift */ = {isa = PBXFileReference; lastKnownFileType = sourcecode.swift; path = PlayArea.swift; sourceTree = "<group>"; };
		5740504C1E5E890000316AEB /* card_flip.m4a */ = {isa = PBXFileReference; lastKnownFileType = file; path = card_flip.m4a; sourceTree = "<group>"; };
		574050541E5F82AA00316AEB /* UIDevice.swift */ = {isa = PBXFileReference; fileEncoding = 4; lastKnownFileType = sourcecode.swift; name = UIDevice.swift; path = Extensions/UIDevice.swift; sourceTree = "<group>"; };
		574693512367CB9D00AB6516 /* StoredBase.swift */ = {isa = PBXFileReference; lastKnownFileType = sourcecode.swift; path = StoredBase.swift; sourceTree = "<group>"; };
		574693552367CD4600AB6516 /* GameState.swift */ = {isa = PBXFileReference; lastKnownFileType = sourcecode.swift; path = GameState.swift; sourceTree = "<group>"; };
		574725C7243C072E0094FF39 /* GridView.swift */ = {isa = PBXFileReference; lastKnownFileType = sourcecode.swift; path = GridView.swift; sourceTree = "<group>"; };
		5748641726DE62F4005517BB /* StoredGameSettings.swift */ = {isa = PBXFileReference; lastKnownFileType = sourcecode.swift; path = StoredGameSettings.swift; sourceTree = "<group>"; };
		5750E3EF2AFFD1F800FE7AE1 /* SettingsCardSizeView.swift */ = {isa = PBXFileReference; lastKnownFileType = sourcecode.swift; path = SettingsCardSizeView.swift; sourceTree = "<group>"; };
		575F28061E62501600AE0C53 /* card_slide.m4a */ = {isa = PBXFileReference; lastKnownFileType = file; path = card_slide.m4a; sourceTree = "<group>"; };
		576A36452752C6540045B159 /* CardScaleSlider.swift */ = {isa = PBXFileReference; lastKnownFileType = sourcecode.swift; path = CardScaleSlider.swift; sourceTree = "<group>"; };
		578742BA2586D054004C9DBB /* ReceivedDataHandler.swift */ = {isa = PBXFileReference; lastKnownFileType = sourcecode.swift; path = ReceivedDataHandler.swift; sourceTree = "<group>"; };
		57897FF71E85652400B1D4A6 /* Config.swift */ = {isa = PBXFileReference; fileEncoding = 4; lastKnownFileType = sourcecode.swift; path = Config.swift; sourceTree = "<group>"; };
		57897FF91E85658D00B1D4A6 /* Switch.swift */ = {isa = PBXFileReference; fileEncoding = 4; lastKnownFileType = sourcecode.swift; path = Switch.swift; sourceTree = "<group>"; };
		578DB663266D11570034BB45 /* ContactsTableViewController.swift */ = {isa = PBXFileReference; lastKnownFileType = sourcecode.swift; path = ContactsTableViewController.swift; sourceTree = "<group>"; };
		578DB665266DA0360034BB45 /* ContactsViewController.swift */ = {isa = PBXFileReference; lastKnownFileType = sourcecode.swift; path = ContactsViewController.swift; sourceTree = "<group>"; };
		578DB6672675069E0034BB45 /* CardsMulti.entitlements */ = {isa = PBXFileReference; lastKnownFileType = text.plist.entitlements; path = CardsMulti.entitlements; sourceTree = "<group>"; };
		578DB6682677E1010034BB45 /* TextEditCell.xib */ = {isa = PBXFileReference; fileEncoding = 4; lastKnownFileType = file.xib; path = TextEditCell.xib; sourceTree = "<group>"; };
		578DB66A2677E1620034BB45 /* TextEditCell.swift */ = {isa = PBXFileReference; lastKnownFileType = sourcecode.swift; path = TextEditCell.swift; sourceTree = "<group>"; };
		578F40C323778D9300719821 /* Solitaire.swift */ = {isa = PBXFileReference; lastKnownFileType = sourcecode.swift; path = Solitaire.swift; sourceTree = "<group>"; };
		578F40C52377923100719821 /* SnapLocation.swift */ = {isa = PBXFileReference; lastKnownFileType = sourcecode.swift; path = SnapLocation.swift; sourceTree = "<group>"; };
		57A7169426E6672C0073C0E1 /* FlashMessageLabel.swift */ = {isa = PBXFileReference; lastKnownFileType = sourcecode.swift; path = FlashMessageLabel.swift; sourceTree = "<group>"; };
		57A7169826E6A5E20073C0E1 /* Message.swift */ = {isa = PBXFileReference; lastKnownFileType = sourcecode.swift; name = Message.swift; path = classes/Message.swift; sourceTree = "<group>"; };
		57B053D11E4E3BD20057E62F /* CardsMulti.app */ = {isa = PBXFileReference; explicitFileType = wrapper.application; includeInIndex = 0; path = CardsMulti.app; sourceTree = BUILT_PRODUCTS_DIR; };
		57B053D41E4E3BD20057E62F /* AppDelegate.swift */ = {isa = PBXFileReference; lastKnownFileType = sourcecode.swift; path = AppDelegate.swift; sourceTree = "<group>"; };
		57B053DA1E4E3BD20057E62F /* GameScene.swift */ = {isa = PBXFileReference; lastKnownFileType = sourcecode.swift; path = GameScene.swift; sourceTree = "<group>"; };
		57B053DC1E4E3BD20057E62F /* GameViewController.swift */ = {isa = PBXFileReference; lastKnownFileType = sourcecode.swift; path = GameViewController.swift; sourceTree = "<group>"; };
		57B053DF1E4E3BD20057E62F /* Base */ = {isa = PBXFileReference; lastKnownFileType = file.storyboard; name = Base; path = Base.lproj/Main.storyboard; sourceTree = "<group>"; };
		57B053E11E4E3BD20057E62F /* Assets.xcassets */ = {isa = PBXFileReference; lastKnownFileType = folder.assetcatalog; path = Assets.xcassets; sourceTree = "<group>"; };
		57B053E41E4E3BD20057E62F /* Base */ = {isa = PBXFileReference; lastKnownFileType = file.storyboard; name = Base; path = Base.lproj/LaunchScreen.storyboard; sourceTree = "<group>"; };
		57B053E61E4E3BD20057E62F /* Info.plist */ = {isa = PBXFileReference; lastKnownFileType = text.plist.xml; path = Info.plist; sourceTree = "<group>"; };
		57B053EB1E4E3BD20057E62F /* CardsMultiTests.xctest */ = {isa = PBXFileReference; explicitFileType = wrapper.cfbundle; includeInIndex = 0; path = CardsMultiTests.xctest; sourceTree = BUILT_PRODUCTS_DIR; };
		57B053EF1E4E3BD20057E62F /* CardsMultiTests.swift */ = {isa = PBXFileReference; lastKnownFileType = sourcecode.swift; path = CardsMultiTests.swift; sourceTree = "<group>"; };
		57B053F11E4E3BD20057E62F /* Info.plist */ = {isa = PBXFileReference; lastKnownFileType = text.plist.xml; path = Info.plist; sourceTree = "<group>"; };
		57B053F61E4E3BD20057E62F /* CardsMultiUITests.xctest */ = {isa = PBXFileReference; explicitFileType = wrapper.cfbundle; includeInIndex = 0; path = CardsMultiUITests.xctest; sourceTree = BUILT_PRODUCTS_DIR; };
		57B053FA1E4E3BD20057E62F /* CardsMultiUITests.swift */ = {isa = PBXFileReference; lastKnownFileType = sourcecode.swift; path = CardsMultiUITests.swift; sourceTree = "<group>"; };
		57B053FC1E4E3BD20057E62F /* Info.plist */ = {isa = PBXFileReference; lastKnownFileType = text.plist.xml; path = Info.plist; sourceTree = "<group>"; };
		57B054081E4E40750057E62F /* ConnectionServiceManager.swift */ = {isa = PBXFileReference; fileEncoding = 4; lastKnownFileType = sourcecode.swift; path = ConnectionServiceManager.swift; sourceTree = "<group>"; };
		57B0540B1E4E75B10057E62F /* Rank.swift */ = {isa = PBXFileReference; fileEncoding = 4; lastKnownFileType = sourcecode.swift; name = Rank.swift; path = Enums/Rank.swift; sourceTree = "<group>"; };
		57B0540C1E4E75B10057E62F /* Suit.swift */ = {isa = PBXFileReference; fileEncoding = 4; lastKnownFileType = sourcecode.swift; name = Suit.swift; path = Enums/Suit.swift; sourceTree = "<group>"; };
		57B054111E4E75F30057E62F /* Card.swift */ = {isa = PBXFileReference; fileEncoding = 4; lastKnownFileType = sourcecode.swift; name = Card.swift; path = classes/Card.swift; sourceTree = "<group>"; };
		57B054121E4E75F30057E62F /* CardSpriteNode.swift */ = {isa = PBXFileReference; fileEncoding = 4; lastKnownFileType = sourcecode.swift; name = CardSpriteNode.swift; path = classes/CardSpriteNode.swift; sourceTree = "<group>"; };
		57B054161E4E766A0057E62F /* Math.swift */ = {isa = PBXFileReference; fileEncoding = 4; lastKnownFileType = sourcecode.swift; name = Math.swift; path = Helpers/Math.swift; sourceTree = "<group>"; };
		57B054181E4E7AC70057E62F /* Global.swift */ = {isa = PBXFileReference; fileEncoding = 4; lastKnownFileType = sourcecode.swift; name = Global.swift; path = Helpers/Global.swift; sourceTree = "<group>"; };
		57B9C8F31E58FAA900F8E25B /* Actions.swift */ = {isa = PBXFileReference; fileEncoding = 4; lastKnownFileType = sourcecode.swift; path = Actions.swift; sourceTree = "<group>"; };
		57BB31D2234BFC0C00AE2CDC /* PopUpMenu.swift */ = {isa = PBXFileReference; lastKnownFileType = sourcecode.swift; path = PopUpMenu.swift; sourceTree = "<group>"; };
		57BB31D42353BA8700AE2CDC /* PlayerStatusLabel.swift */ = {isa = PBXFileReference; lastKnownFileType = sourcecode.swift; path = PlayerStatusLabel.swift; sourceTree = "<group>"; };
		57BB31DC23569DA200AE2CDC /* SettingsTableController.swift */ = {isa = PBXFileReference; lastKnownFileType = sourcecode.swift; path = SettingsTableController.swift; sourceTree = "<group>"; };
		57C3551F2997422500884C52 /* uk */ = {isa = PBXFileReference; lastKnownFileType = text.plist.strings; name = uk; path = uk.lproj/Localizable.strings; sourceTree = "<group>"; };
		57C626112346E6D6008A9872 /* CardSlider.swift */ = {isa = PBXFileReference; lastKnownFileType = sourcecode.swift; path = CardSlider.swift; sourceTree = "<group>"; };
		57C8B91B241715A700100DDE /* Score.swift */ = {isa = PBXFileReference; lastKnownFileType = sourcecode.swift; path = Score.swift; sourceTree = "<group>"; };
		57D3DB9B257BF1DC00A52171 /* RequestDataTests.swift */ = {isa = PBXFileReference; lastKnownFileType = sourcecode.swift; path = RequestDataTests.swift; sourceTree = "<group>"; };
		57D57079267F840B0050B28E /* GameConfigs.swift */ = {isa = PBXFileReference; lastKnownFileType = sourcecode.swift; path = GameConfigs.swift; sourceTree = "<group>"; };
		57D5707D267FAFA90050B28E /* gameTypes.json */ = {isa = PBXFileReference; lastKnownFileType = text.json; path = gameTypes.json; sourceTree = "<group>"; };
		57D5707F267FD3E90050B28E /* GameConfigsTests.swift */ = {isa = PBXFileReference; lastKnownFileType = sourcecode.swift; path = GameConfigsTests.swift; sourceTree = "<group>"; };
		57D5708B267FD7DD0050B28E /* gameConfigs1.json */ = {isa = PBXFileReference; lastKnownFileType = text.json; path = gameConfigs1.json; sourceTree = "<group>"; };
		57D5708F26879DA60050B28E /* UIViewController.swift */ = {isa = PBXFileReference; lastKnownFileType = sourcecode.swift; name = UIViewController.swift; path = Extensions/UIViewController.swift; sourceTree = "<group>"; };
		57D570972687B2490050B28E /* Settings.swift */ = {isa = PBXFileReference; lastKnownFileType = sourcecode.swift; name = Settings.swift; path = classes/Settings.swift; sourceTree = "<group>"; };
		57D6560323651BA000DA69C4 /* CoreGraphics.swift */ = {isa = PBXFileReference; lastKnownFileType = sourcecode.swift; path = CoreGraphics.swift; sourceTree = "<group>"; };
		57DA7BCA26A853AA00F3CA8F /* FreeCell.swift */ = {isa = PBXFileReference; lastKnownFileType = sourcecode.swift; path = FreeCell.swift; sourceTree = "<group>"; };
		57DA7BCD26A8C9EF00F3CA8F /* StoreKit.framework */ = {isa = PBXFileReference; lastKnownFileType = wrapper.framework; name = StoreKit.framework; path = System/Library/Frameworks/StoreKit.framework; sourceTree = SDKROOT; };
		57DA7BCF26AC949800F3CA8F /* StoreObserver.swift */ = {isa = PBXFileReference; lastKnownFileType = sourcecode.swift; path = StoreObserver.swift; sourceTree = "<group>"; };
		57DA7BD226AC9B5200F3CA8F /* UIStrings.swift */ = {isa = PBXFileReference; lastKnownFileType = sourcecode.swift; path = UIStrings.swift; sourceTree = "<group>"; };
		57DA7BD426ACA6D900F3CA8F /* ProductIds.plist */ = {isa = PBXFileReference; lastKnownFileType = text.plist.xml; path = ProductIds.plist; sourceTree = "<group>"; };
		57DA7BD726ACA96600F3CA8F /* StoreManager.swift */ = {isa = PBXFileReference; lastKnownFileType = sourcecode.swift; path = StoreManager.swift; sourceTree = "<group>"; };
		57DA7BDA26ADB51800F3CA8F /* ProductsTableController.swift */ = {isa = PBXFileReference; lastKnownFileType = sourcecode.swift; path = ProductsTableController.swift; sourceTree = "<group>"; };
		57DA7BDD26ADECEA00F3CA8F /* ProductIdentifiers.swift */ = {isa = PBXFileReference; lastKnownFileType = sourcecode.swift; path = ProductIdentifiers.swift; sourceTree = "<group>"; };
		57DA7BE026AE4B1A00F3CA8F /* SKProduct.swift */ = {isa = PBXFileReference; lastKnownFileType = sourcecode.swift; name = SKProduct.swift; path = Extensions/SKProduct.swift; sourceTree = "<group>"; };
		57DA7C1F26BC976200F3CA8F /* Products.plist */ = {isa = PBXFileReference; lastKnownFileType = text.plist.xml; path = Products.plist; sourceTree = "<group>"; };
		57E0935A2125DCAF00D4E4F6 /* MovingDirection.swift */ = {isa = PBXFileReference; lastKnownFileType = sourcecode.swift; path = MovingDirection.swift; sourceTree = "<group>"; };
		57E97B091E7368B3000243B2 /* Position.swift */ = {isa = PBXFileReference; fileEncoding = 4; lastKnownFileType = sourcecode.swift; name = Position.swift; path = Enums/Position.swift; sourceTree = "<group>"; };
		57E97B0C1E7479F5000243B2 /* BottomButton.swift */ = {isa = PBXFileReference; fileEncoding = 4; lastKnownFileType = sourcecode.swift; path = BottomButton.swift; sourceTree = "<group>"; };
		57E97B101E74A651000243B2 /* StoredSettings.swift */ = {isa = PBXFileReference; fileEncoding = 4; lastKnownFileType = sourcecode.swift; name = StoredSettings.swift; path = classes/StoredSettings.swift; sourceTree = "<group>"; };
		57EA2B5D25B39DFD00536B47 /* MathTests.swift */ = {isa = PBXFileReference; lastKnownFileType = sourcecode.swift; path = MathTests.swift; sourceTree = "<group>"; };
		57ED4A5A2AEDF79D00733918 /* ProductManager.swift */ = {isa = PBXFileReference; lastKnownFileType = sourcecode.swift; path = ProductManager.swift; sourceTree = "<group>"; };
		57ED4A5F2AF486F300733918 /* StoredValue.swift */ = {isa = PBXFileReference; lastKnownFileType = sourcecode.swift; path = StoredValue.swift; sourceTree = "<group>"; };
		57F400FE248D6D7800EF71D5 /* WsRequestSender.swift */ = {isa = PBXFileReference; lastKnownFileType = sourcecode.swift; path = WsRequestSender.swift; sourceTree = "<group>"; };
		57F70560243A7A35009552AB /* ScoresViewController.swift */ = {isa = PBXFileReference; lastKnownFileType = sourcecode.swift; path = ScoresViewController.swift; sourceTree = "<group>"; };
		57F70566243A857B009552AB /* ScoreCell.swift */ = {isa = PBXFileReference; lastKnownFileType = sourcecode.swift; path = ScoreCell.swift; sourceTree = "<group>"; };
		73C5D4C34CC51557A25B81C4 /* Pods-CardsMulti.debug.xcconfig */ = {isa = PBXFileReference; includeInIndex = 1; lastKnownFileType = text.xcconfig; name = "Pods-CardsMulti.debug.xcconfig"; path = "Target Support Files/Pods-CardsMulti/Pods-CardsMulti.debug.xcconfig"; sourceTree = "<group>"; };
		8DDA64C75429E06BF73C4F5D /* Pods-CardsMultiUITests.debug.xcconfig */ = {isa = PBXFileReference; includeInIndex = 1; lastKnownFileType = text.xcconfig; name = "Pods-CardsMultiUITests.debug.xcconfig"; path = "Target Support Files/Pods-CardsMultiUITests/Pods-CardsMultiUITests.debug.xcconfig"; sourceTree = "<group>"; };
		987F0BA579C9C4CB037CF4DF /* Pods_CardsMulti.framework */ = {isa = PBXFileReference; explicitFileType = wrapper.framework; includeInIndex = 0; path = Pods_CardsMulti.framework; sourceTree = BUILT_PRODUCTS_DIR; };
		B620DE44CE4E19863D919246 /* Pods-CardsMulti.release.xcconfig */ = {isa = PBXFileReference; includeInIndex = 1; lastKnownFileType = text.xcconfig; name = "Pods-CardsMulti.release.xcconfig"; path = "Target Support Files/Pods-CardsMulti/Pods-CardsMulti.release.xcconfig"; sourceTree = "<group>"; };
		BC664B7B8C6A673C88C5833D /* Pods-CardsMultiTests.debug.xcconfig */ = {isa = PBXFileReference; includeInIndex = 1; lastKnownFileType = text.xcconfig; name = "Pods-CardsMultiTests.debug.xcconfig"; path = "Target Support Files/Pods-CardsMultiTests/Pods-CardsMultiTests.debug.xcconfig"; sourceTree = "<group>"; };
		CCCBBA39BBF31932BCA25228 /* Pods_CardsMultiUITests.framework */ = {isa = PBXFileReference; explicitFileType = wrapper.framework; includeInIndex = 0; path = Pods_CardsMultiUITests.framework; sourceTree = BUILT_PRODUCTS_DIR; };
		FB12C093CE259C3163E5282A /* Pods-CardsMultiUITests.release.xcconfig */ = {isa = PBXFileReference; includeInIndex = 1; lastKnownFileType = text.xcconfig; name = "Pods-CardsMultiUITests.release.xcconfig"; path = "Target Support Files/Pods-CardsMultiUITests/Pods-CardsMultiUITests.release.xcconfig"; sourceTree = "<group>"; };
/* End PBXFileReference section */

/* Begin PBXFrameworksBuildPhase section */
		57B053CE1E4E3BD20057E62F /* Frameworks */ = {
			isa = PBXFrameworksBuildPhase;
			buildActionMask = 2147483647;
			files = (
				DB45C3F501F4DA0B88BA27B8 /* Pods_CardsMulti.framework in Frameworks */,
				57DA7BCE26A8C9EF00F3CA8F /* StoreKit.framework in Frameworks */,
			);
			runOnlyForDeploymentPostprocessing = 0;
		};
		57B053E81E4E3BD20057E62F /* Frameworks */ = {
			isa = PBXFrameworksBuildPhase;
			buildActionMask = 2147483647;
			files = (
				7AF36F07313414DF60267185 /* Pods_CardsMultiTests.framework in Frameworks */,
			);
			runOnlyForDeploymentPostprocessing = 0;
		};
		57B053F31E4E3BD20057E62F /* Frameworks */ = {
			isa = PBXFrameworksBuildPhase;
			buildActionMask = 2147483647;
			files = (
				E1C2863A8F90E05C276664EB /* Pods_CardsMultiUITests.framework in Frameworks */,
			);
			runOnlyForDeploymentPostprocessing = 0;
		};
/* End PBXFrameworksBuildPhase section */

/* Begin PBXGroup section */
		570218242373B35F00310A67 /* Xibs */ = {
			isa = PBXGroup;
			children = (
				578DB6682677E1010034BB45 /* TextEditCell.xib */,
				570218252373B39600310A67 /* CardSizeTableViewCell.xib */,
			);
			path = Xibs;
			sourceTree = "<group>";
		};
		57085E0D2AD342C40084A42B /* Views */ = {
			isa = PBXGroup;
			children = (
				571278F52AE61371004AA6B8 /* Modules */,
				57085E0E2AD342F40084A42B /* RankPickerView.swift */,
				571278F12AE612B5004AA6B8 /* SettingsView.swift */,
				5750E3EF2AFFD1F800FE7AE1 /* SettingsCardSizeView.swift */,
			);
			path = Views;
			sourceTree = "<group>";
		};
		570C3971233697B100A2882C /* GameScenes */ = {
			isa = PBXGroup;
			children = (
				571BBC61294557D100C43B69 /* GameSceneBase.swift */,
				571BBC62294557D100C43B69 /* GameSceneFactory.swift */,
				57B053DA1E4E3BD20057E62F /* GameScene.swift */,
				570C3972233697E200A2882C /* GameGoFish.swift */,
				578F40C323778D9300719821 /* Solitaire.swift */,
				578742BA2586D054004C9DBB /* ReceivedDataHandler.swift */,
				57DA7BCA26A853AA00F3CA8F /* FreeCell.swift */,
			);
			name = GameScenes;
			sourceTree = "<group>";
		};
		571278F52AE61371004AA6B8 /* Modules */ = {
			isa = PBXGroup;
			children = (
				571278F32AE6131B004AA6B8 /* TextEditView.swift */,
				571278F62AE61388004AA6B8 /* TextFieldView.swift */,
				571278F82AE76753004AA6B8 /* PickerCellView.swift */,
			);
			path = Modules;
			sourceTree = "<group>";
		};
		5740504A1E5E88E900316AEB /* Resources */ = {
			isa = PBXGroup;
			children = (
				57D5707C267FAEE60050B28E /* Config */,
				5740504B1E5E88F300316AEB /* Sounds */,
				5732550F267A683C003B8834 /* Localizable.strings */,
				57DA7BD226AC9B5200F3CA8F /* UIStrings.swift */,
				57DA7BD426ACA6D900F3CA8F /* ProductIds.plist */,
				57DA7C1F26BC976200F3CA8F /* Products.plist */,
				57DA7BDD26ADECEA00F3CA8F /* ProductIdentifiers.swift */,
			);
			name = Resources;
			sourceTree = "<group>";
		};
		5740504B1E5E88F300316AEB /* Sounds */ = {
			isa = PBXGroup;
			children = (
				575F28061E62501600AE0C53 /* card_slide.m4a */,
				5740504C1E5E890000316AEB /* card_flip.m4a */,
			);
			name = Sounds;
			sourceTree = "<group>";
		};
		574050531E5F828200316AEB /* Extensions */ = {
			isa = PBXGroup;
			children = (
				574050541E5F82AA00316AEB /* UIDevice.swift */,
				57D6560323651BA000DA69C4 /* CoreGraphics.swift */,
				57325511267A699E003B8834 /* String.swift */,
				57D5708F26879DA60050B28E /* UIViewController.swift */,
				57DA7BE026AE4B1A00F3CA8F /* SKProduct.swift */,
			);
			name = Extensions;
			sourceTree = "<group>";
		};
		57897FF61E85651400B1D4A6 /* Config */ = {
			isa = PBXGroup;
			children = (
				57897FF71E85652400B1D4A6 /* Config.swift */,
				57D57079267F840B0050B28E /* GameConfigs.swift */,
			);
			name = Config;
			sourceTree = "<group>";
		};
		57B053C81E4E3BD20057E62F = {
			isa = PBXGroup;
			children = (
				57B053D31E4E3BD20057E62F /* CardsMulti */,
				57B053EE1E4E3BD20057E62F /* CardsMultiTests */,
				57B053F91E4E3BD20057E62F /* CardsMultiUITests */,
				57B053D21E4E3BD20057E62F /* Products */,
				FF8EF425281656F9BEB2FB14 /* Pods */,
				C6A4DAED8A528ADF9DA1D07E /* Frameworks */,
			);
			sourceTree = "<group>";
		};
		57B053D21E4E3BD20057E62F /* Products */ = {
			isa = PBXGroup;
			children = (
				57B053D11E4E3BD20057E62F /* CardsMulti.app */,
				57B053EB1E4E3BD20057E62F /* CardsMultiTests.xctest */,
				57B053F61E4E3BD20057E62F /* CardsMultiUITests.xctest */,
			);
			name = Products;
			sourceTree = "<group>";
		};
		57B053D31E4E3BD20057E62F /* CardsMulti */ = {
			isa = PBXGroup;
			children = (
				578DB6672675069E0034BB45 /* CardsMulti.entitlements */,
				570218242373B35F00310A67 /* Xibs */,
				570C3971233697B100A2882C /* GameScenes */,
				57897FF61E85651400B1D4A6 /* Config */,
				574050531E5F828200316AEB /* Extensions */,
				5740504A1E5E88E900316AEB /* Resources */,
				57B054151E4E76340057E62F /* Helpers */,
				57ED4A5E2AF486DA00733918 /* Wrappers */,
				57B054101E4E75D90057E62F /* Classes */,
				57B0540A1E4E75970057E62F /* Enums */,
				57E97B0B1E7479B7000243B2 /* UI */,
				57085E0D2AD342C40084A42B /* Views */,
				57B053D41E4E3BD20057E62F /* AppDelegate.swift */,
				57B054081E4E40750057E62F /* ConnectionServiceManager.swift */,
				57B053DC1E4E3BD20057E62F /* GameViewController.swift */,
				57B053DE1E4E3BD20057E62F /* Main.storyboard */,
				57B053E11E4E3BD20057E62F /* Assets.xcassets */,
				57B053E31E4E3BD20057E62F /* LaunchScreen.storyboard */,
				57B053E61E4E3BD20057E62F /* Info.plist */,
			);
			path = CardsMulti;
			sourceTree = "<group>";
		};
		57B053EE1E4E3BD20057E62F /* CardsMultiTests */ = {
			isa = PBXGroup;
			children = (
				57D5708A267FD7C10050B28E /* Resources */,
				57B053EF1E4E3BD20057E62F /* CardsMultiTests.swift */,
				57B053F11E4E3BD20057E62F /* Info.plist */,
				57D3DB9B257BF1DC00A52171 /* RequestDataTests.swift */,
				57EA2B5D25B39DFD00536B47 /* MathTests.swift */,
				57D5707F267FD3E90050B28E /* GameConfigsTests.swift */,
			);
			path = CardsMultiTests;
			sourceTree = "<group>";
		};
		57B053F91E4E3BD20057E62F /* CardsMultiUITests */ = {
			isa = PBXGroup;
			children = (
				57B053FA1E4E3BD20057E62F /* CardsMultiUITests.swift */,
				57B053FC1E4E3BD20057E62F /* Info.plist */,
			);
			path = CardsMultiUITests;
			sourceTree = "<group>";
		};
		57B0540A1E4E75970057E62F /* Enums */ = {
			isa = PBXGroup;
			children = (
				57B0540B1E4E75B10057E62F /* Rank.swift */,
				57B0540C1E4E75B10057E62F /* Suit.swift */,
				57E97B091E7368B3000243B2 /* Position.swift */,
				57E0935A2125DCAF00D4E4F6 /* MovingDirection.swift */,
				573FD5852399F30C009BDBF9 /* GameType.swift */,
			);
			name = Enums;
			sourceTree = "<group>";
		};
		57B054101E4E75D90057E62F /* Classes */ = {
			isa = PBXGroup;
			children = (
				57B054111E4E75F30057E62F /* Card.swift */,
				57B054121E4E75F30057E62F /* CardSpriteNode.swift */,
				57B9C8F31E58FAA900F8E25B /* Actions.swift */,
				570C397423369C4D00A2882C /* Player.swift */,
				574693512367CB9D00AB6516 /* StoredBase.swift */,
				574693552367CD4600AB6516 /* GameState.swift */,
				578F40C52377923100719821 /* SnapLocation.swift */,
				573FD587239F343F009BDBF9 /* PlayArea.swift */,
				57C8B91B241715A700100DDE /* Score.swift */,
				570A810F249EB8FC001096E1 /* WsMessage.swift */,
				57272555256AE697008A8171 /* RequestData.swift */,
				57D570972687B2490050B28E /* Settings.swift */,
				57E97B101E74A651000243B2 /* StoredSettings.swift */,
				5748641726DE62F4005517BB /* StoredGameSettings.swift */,
				57213CEF268903E800753AC4 /* TemporarySettings.swift */,
				57A7169826E6A5E20073C0E1 /* Message.swift */,
				57ED4A5A2AEDF79D00733918 /* ProductManager.swift */,
			);
			name = Classes;
			sourceTree = "<group>";
		};
		57B054151E4E76340057E62F /* Helpers */ = {
			isa = PBXGroup;
			children = (
				57B054181E4E7AC70057E62F /* Global.swift */,
				57B054161E4E766A0057E62F /* Math.swift */,
				57F400FE248D6D7800EF71D5 /* WsRequestSender.swift */,
				57DA7BCF26AC949800F3CA8F /* StoreObserver.swift */,
				57DA7BD726ACA96600F3CA8F /* StoreManager.swift */,
			);
			name = Helpers;
			sourceTree = "<group>";
		};
		57D5707C267FAEE60050B28E /* Config */ = {
			isa = PBXGroup;
			children = (
				57D5707D267FAFA90050B28E /* gameTypes.json */,
			);
			path = Config;
			sourceTree = "<group>";
		};
		57D5708A267FD7C10050B28E /* Resources */ = {
			isa = PBXGroup;
			children = (
				57D5708B267FD7DD0050B28E /* gameConfigs1.json */,
			);
			path = Resources;
			sourceTree = "<group>";
		};
		57E97B0B1E7479B7000243B2 /* UI */ = {
			isa = PBXGroup;
			children = (
				57E97B0C1E7479F5000243B2 /* BottomButton.swift */,
				57897FF91E85658D00B1D4A6 /* Switch.swift */,
				57C626112346E6D6008A9872 /* CardSlider.swift */,
				576A36452752C6540045B159 /* CardScaleSlider.swift */,
				57BB31D2234BFC0C00AE2CDC /* PopUpMenu.swift */,
				57BB31D42353BA8700AE2CDC /* PlayerStatusLabel.swift */,
				57BB31DC23569DA200AE2CDC /* SettingsTableController.swift */,
				570218272373B44100310A67 /* CardSizeTableViewCell.swift */,
				57F70560243A7A35009552AB /* ScoresViewController.swift */,
				57F70566243A857B009552AB /* ScoreCell.swift */,
				574725C7243C072E0094FF39 /* GridView.swift */,
				578DB663266D11570034BB45 /* ContactsTableViewController.swift */,
				578DB665266DA0360034BB45 /* ContactsViewController.swift */,
				578DB66A2677E1620034BB45 /* TextEditCell.swift */,
				57DA7BDA26ADB51800F3CA8F /* ProductsTableController.swift */,
				57A7169426E6672C0073C0E1 /* FlashMessageLabel.swift */,
			);
			name = UI;
			sourceTree = "<group>";
		};
		57ED4A5E2AF486DA00733918 /* Wrappers */ = {
			isa = PBXGroup;
			children = (
				57ED4A5F2AF486F300733918 /* StoredValue.swift */,
			);
			path = Wrappers;
			sourceTree = "<group>";
		};
		C6A4DAED8A528ADF9DA1D07E /* Frameworks */ = {
			isa = PBXGroup;
			children = (
				57DA7BCD26A8C9EF00F3CA8F /* StoreKit.framework */,
				987F0BA579C9C4CB037CF4DF /* Pods_CardsMulti.framework */,
				3C6DB5156A4A8348D5666310 /* Pods_CardsMultiTests.framework */,
				CCCBBA39BBF31932BCA25228 /* Pods_CardsMultiUITests.framework */,
			);
			name = Frameworks;
			sourceTree = "<group>";
		};
		FF8EF425281656F9BEB2FB14 /* Pods */ = {
			isa = PBXGroup;
			children = (
				73C5D4C34CC51557A25B81C4 /* Pods-CardsMulti.debug.xcconfig */,
				B620DE44CE4E19863D919246 /* Pods-CardsMulti.release.xcconfig */,
				BC664B7B8C6A673C88C5833D /* Pods-CardsMultiTests.debug.xcconfig */,
				2A9865B4FE8ABB337E57C495 /* Pods-CardsMultiTests.release.xcconfig */,
				8DDA64C75429E06BF73C4F5D /* Pods-CardsMultiUITests.debug.xcconfig */,
				FB12C093CE259C3163E5282A /* Pods-CardsMultiUITests.release.xcconfig */,
			);
			path = Pods;
			sourceTree = "<group>";
		};
/* End PBXGroup section */

/* Begin PBXNativeTarget section */
		57B053D01E4E3BD20057E62F /* CardsMulti */ = {
			isa = PBXNativeTarget;
			buildConfigurationList = 57B053FF1E4E3BD20057E62F /* Build configuration list for PBXNativeTarget "CardsMulti" */;
			buildPhases = (
				2D4A0C6E91D4B41BA7449AEF /* [CP] Check Pods Manifest.lock */,
				57B053CD1E4E3BD20057E62F /* Sources */,
				57B053CE1E4E3BD20057E62F /* Frameworks */,
				57B053CF1E4E3BD20057E62F /* Resources */,
				F89EE0F9211753A53E7E50AB /* [CP] Embed Pods Frameworks */,
			);
			buildRules = (
			);
			dependencies = (
			);
			name = CardsMulti;
			productName = CardsMulti;
			productReference = 57B053D11E4E3BD20057E62F /* CardsMulti.app */;
			productType = "com.apple.product-type.application";
		};
		57B053EA1E4E3BD20057E62F /* CardsMultiTests */ = {
			isa = PBXNativeTarget;
			buildConfigurationList = 57B054021E4E3BD20057E62F /* Build configuration list for PBXNativeTarget "CardsMultiTests" */;
			buildPhases = (
				14ED17B39F2AAE1FC68BB284 /* [CP] Check Pods Manifest.lock */,
				57B053E71E4E3BD20057E62F /* Sources */,
				57B053E81E4E3BD20057E62F /* Frameworks */,
				57B053E91E4E3BD20057E62F /* Resources */,
			);
			buildRules = (
			);
			dependencies = (
				57B053ED1E4E3BD20057E62F /* PBXTargetDependency */,
			);
			name = CardsMultiTests;
			productName = CardsMultiTests;
			productReference = 57B053EB1E4E3BD20057E62F /* CardsMultiTests.xctest */;
			productType = "com.apple.product-type.bundle.unit-test";
		};
		57B053F51E4E3BD20057E62F /* CardsMultiUITests */ = {
			isa = PBXNativeTarget;
			buildConfigurationList = 57B054051E4E3BD20057E62F /* Build configuration list for PBXNativeTarget "CardsMultiUITests" */;
			buildPhases = (
				F9AFA9DE75894E223298A2E1 /* [CP] Check Pods Manifest.lock */,
				57B053F21E4E3BD20057E62F /* Sources */,
				57B053F31E4E3BD20057E62F /* Frameworks */,
				57B053F41E4E3BD20057E62F /* Resources */,
			);
			buildRules = (
			);
			dependencies = (
				57B053F81E4E3BD20057E62F /* PBXTargetDependency */,
			);
			name = CardsMultiUITests;
			productName = CardsMultiUITests;
			productReference = 57B053F61E4E3BD20057E62F /* CardsMultiUITests.xctest */;
			productType = "com.apple.product-type.bundle.ui-testing";
		};
/* End PBXNativeTarget section */

/* Begin PBXProject section */
		57B053C91E4E3BD20057E62F /* Project object */ = {
			isa = PBXProject;
			attributes = {
				LastSwiftUpdateCheck = 0820;
				LastUpgradeCheck = 1210;
				ORGANIZATIONNAME = "Victorius Software Inc";
				TargetAttributes = {
					57B053D01E4E3BD20057E62F = {
						CreatedOnToolsVersion = 8.2.1;
						DevelopmentTeam = NB9MQB54L9;
						LastSwiftMigration = 1020;
						ProvisioningStyle = Automatic;
					};
					57B053EA1E4E3BD20057E62F = {
						CreatedOnToolsVersion = 8.2.1;
						DevelopmentTeam = DS2QAADY9B;
						LastSwiftMigration = 1020;
						ProvisioningStyle = Automatic;
						TestTargetID = 57B053D01E4E3BD20057E62F;
					};
					57B053F51E4E3BD20057E62F = {
						CreatedOnToolsVersion = 8.2.1;
						DevelopmentTeam = DS2QAADY9B;
						ProvisioningStyle = Automatic;
						TestTargetID = 57B053D01E4E3BD20057E62F;
					};
				};
			};
			buildConfigurationList = 57B053CC1E4E3BD20057E62F /* Build configuration list for PBXProject "CardsMulti" */;
			compatibilityVersion = "Xcode 3.2";
			developmentRegion = en;
			hasScannedForEncodings = 0;
			knownRegions = (
				en,
				Base,
				ru,
				uk,
			);
			mainGroup = 57B053C81E4E3BD20057E62F;
			productRefGroup = 57B053D21E4E3BD20057E62F /* Products */;
			projectDirPath = "";
			projectRoot = "";
			targets = (
				57B053D01E4E3BD20057E62F /* CardsMulti */,
				57B053EA1E4E3BD20057E62F /* CardsMultiTests */,
				57B053F51E4E3BD20057E62F /* CardsMultiUITests */,
			);
		};
/* End PBXProject section */

/* Begin PBXResourcesBuildPhase section */
		57B053CF1E4E3BD20057E62F /* Resources */ = {
			isa = PBXResourcesBuildPhase;
			buildActionMask = 2147483647;
			files = (
				575F28071E62501600AE0C53 /* card_slide.m4a in Resources */,
				57D5707E267FAFA90050B28E /* gameTypes.json in Resources */,
				578DB6692677E1010034BB45 /* TextEditCell.xib in Resources */,
				57DA7BD526ACA6D900F3CA8F /* ProductIds.plist in Resources */,
				57B053E01E4E3BD20057E62F /* Main.storyboard in Resources */,
				5740504E1E5E890000316AEB /* card_flip.m4a in Resources */,
				57DA7C2026BC976200F3CA8F /* Products.plist in Resources */,
				57B053E21E4E3BD20057E62F /* Assets.xcassets in Resources */,
				5732550D267A683C003B8834 /* Localizable.strings in Resources */,
				570218262373B39600310A67 /* CardSizeTableViewCell.xib in Resources */,
				57B053E51E4E3BD20057E62F /* LaunchScreen.storyboard in Resources */,
			);
			runOnlyForDeploymentPostprocessing = 0;
		};
		57B053E91E4E3BD20057E62F /* Resources */ = {
			isa = PBXResourcesBuildPhase;
			buildActionMask = 2147483647;
			files = (
				57D5708C267FD7DD0050B28E /* gameConfigs1.json in Resources */,
				57D57082267FD54F0050B28E /* TextEditCell.xib in Resources */,
				57D57086267FD5660050B28E /* gameTypes.json in Resources */,
				57DA7C2126BC976200F3CA8F /* Products.plist in Resources */,
				57D57084267FD5570050B28E /* Localizable.strings in Resources */,
				570218292373B52500310A67 /* CardSizeTableViewCell.xib in Resources */,
				57DA7BD626ACA6D900F3CA8F /* ProductIds.plist in Resources */,
			);
			runOnlyForDeploymentPostprocessing = 0;
		};
		57B053F41E4E3BD20057E62F /* Resources */ = {
			isa = PBXResourcesBuildPhase;
			buildActionMask = 2147483647;
			files = (
				57D57083267FD5500050B28E /* TextEditCell.xib in Resources */,
				5702182A2373B52600310A67 /* CardSizeTableViewCell.xib in Resources */,
			);
			runOnlyForDeploymentPostprocessing = 0;
		};
/* End PBXResourcesBuildPhase section */

/* Begin PBXShellScriptBuildPhase section */
		14ED17B39F2AAE1FC68BB284 /* [CP] Check Pods Manifest.lock */ = {
			isa = PBXShellScriptBuildPhase;
			buildActionMask = 2147483647;
			files = (
			);
			inputFileListPaths = (
			);
			inputPaths = (
				"${PODS_PODFILE_DIR_PATH}/Podfile.lock",
				"${PODS_ROOT}/Manifest.lock",
			);
			name = "[CP] Check Pods Manifest.lock";
			outputFileListPaths = (
			);
			outputPaths = (
				"$(DERIVED_FILE_DIR)/Pods-CardsMultiTests-checkManifestLockResult.txt",
			);
			runOnlyForDeploymentPostprocessing = 0;
			shellPath = /bin/sh;
			shellScript = "diff \"${PODS_PODFILE_DIR_PATH}/Podfile.lock\" \"${PODS_ROOT}/Manifest.lock\" > /dev/null\nif [ $? != 0 ] ; then\n    # print error to STDERR\n    echo \"error: The sandbox is not in sync with the Podfile.lock. Run 'pod install' or update your CocoaPods installation.\" >&2\n    exit 1\nfi\n# This output is used by Xcode 'outputs' to avoid re-running this script phase.\necho \"SUCCESS\" > \"${SCRIPT_OUTPUT_FILE_0}\"\n";
			showEnvVarsInLog = 0;
		};
		2D4A0C6E91D4B41BA7449AEF /* [CP] Check Pods Manifest.lock */ = {
			isa = PBXShellScriptBuildPhase;
			buildActionMask = 2147483647;
			files = (
			);
			inputFileListPaths = (
			);
			inputPaths = (
				"${PODS_PODFILE_DIR_PATH}/Podfile.lock",
				"${PODS_ROOT}/Manifest.lock",
			);
			name = "[CP] Check Pods Manifest.lock";
			outputFileListPaths = (
			);
			outputPaths = (
				"$(DERIVED_FILE_DIR)/Pods-CardsMulti-checkManifestLockResult.txt",
			);
			runOnlyForDeploymentPostprocessing = 0;
			shellPath = /bin/sh;
			shellScript = "diff \"${PODS_PODFILE_DIR_PATH}/Podfile.lock\" \"${PODS_ROOT}/Manifest.lock\" > /dev/null\nif [ $? != 0 ] ; then\n    # print error to STDERR\n    echo \"error: The sandbox is not in sync with the Podfile.lock. Run 'pod install' or update your CocoaPods installation.\" >&2\n    exit 1\nfi\n# This output is used by Xcode 'outputs' to avoid re-running this script phase.\necho \"SUCCESS\" > \"${SCRIPT_OUTPUT_FILE_0}\"\n";
			showEnvVarsInLog = 0;
		};
		F89EE0F9211753A53E7E50AB /* [CP] Embed Pods Frameworks */ = {
			isa = PBXShellScriptBuildPhase;
			buildActionMask = 2147483647;
			files = (
			);
			inputPaths = (
				"${PODS_ROOT}/Target Support Files/Pods-CardsMulti/Pods-CardsMulti-frameworks.sh",
				"${BUILT_PRODUCTS_DIR}/Starscream/Starscream.framework",
			);
			name = "[CP] Embed Pods Frameworks";
			outputPaths = (
				"${TARGET_BUILD_DIR}/${FRAMEWORKS_FOLDER_PATH}/Starscream.framework",
			);
			runOnlyForDeploymentPostprocessing = 0;
			shellPath = /bin/sh;
			shellScript = "\"${PODS_ROOT}/Target Support Files/Pods-CardsMulti/Pods-CardsMulti-frameworks.sh\"\n";
			showEnvVarsInLog = 0;
		};
		F9AFA9DE75894E223298A2E1 /* [CP] Check Pods Manifest.lock */ = {
			isa = PBXShellScriptBuildPhase;
			buildActionMask = 2147483647;
			files = (
			);
			inputFileListPaths = (
			);
			inputPaths = (
				"${PODS_PODFILE_DIR_PATH}/Podfile.lock",
				"${PODS_ROOT}/Manifest.lock",
			);
			name = "[CP] Check Pods Manifest.lock";
			outputFileListPaths = (
			);
			outputPaths = (
				"$(DERIVED_FILE_DIR)/Pods-CardsMultiUITests-checkManifestLockResult.txt",
			);
			runOnlyForDeploymentPostprocessing = 0;
			shellPath = /bin/sh;
			shellScript = "diff \"${PODS_PODFILE_DIR_PATH}/Podfile.lock\" \"${PODS_ROOT}/Manifest.lock\" > /dev/null\nif [ $? != 0 ] ; then\n    # print error to STDERR\n    echo \"error: The sandbox is not in sync with the Podfile.lock. Run 'pod install' or update your CocoaPods installation.\" >&2\n    exit 1\nfi\n# This output is used by Xcode 'outputs' to avoid re-running this script phase.\necho \"SUCCESS\" > \"${SCRIPT_OUTPUT_FILE_0}\"\n";
			showEnvVarsInLog = 0;
		};
/* End PBXShellScriptBuildPhase section */

/* Begin PBXSourcesBuildPhase section */
		57B053CD1E4E3BD20057E62F /* Sources */ = {
			isa = PBXSourcesBuildPhase;
			buildActionMask = 2147483647;
			files = (
				57C8B91C241715A700100DDE /* Score.swift in Sources */,
				57BB31D3234BFC0C00AE2CDC /* PopUpMenu.swift in Sources */,
				57B053DB1E4E3BD20057E62F /* GameScene.swift in Sources */,
				57B054191E4E7AC70057E62F /* Global.swift in Sources */,
				57BB31D52353BA8700AE2CDC /* PlayerStatusLabel.swift in Sources */,
				57DA7BE126AE4B1A00F3CA8F /* SKProduct.swift in Sources */,
				57B054091E4E40750057E62F /* ConnectionServiceManager.swift in Sources */,
				57DA7BDB26ADB51800F3CA8F /* ProductsTableController.swift in Sources */,
				571278F72AE61388004AA6B8 /* TextFieldView.swift in Sources */,
				57897FFA1E85658D00B1D4A6 /* Switch.swift in Sources */,
				57C626122346E6D6008A9872 /* CardSlider.swift in Sources */,
				57ED4A5B2AEDF79D00733918 /* ProductManager.swift in Sources */,
				570C397523369C4D00A2882C /* Player.swift in Sources */,
				57A7169526E6672C0073C0E1 /* FlashMessageLabel.swift in Sources */,
				570A8110249EB8FC001096E1 /* WsMessage.swift in Sources */,
				57B054171E4E766A0057E62F /* Math.swift in Sources */,
				57BB31DD23569DA200AE2CDC /* SettingsTableController.swift in Sources */,
				57DA7BD026AC949800F3CA8F /* StoreObserver.swift in Sources */,
				574693522367CB9D00AB6516 /* StoredBase.swift in Sources */,
				57A7169926E6A5E20073C0E1 /* Message.swift in Sources */,
				57085DCD2ACBA6160084A42B /* GameGoFish.swift in Sources */,
				57F400FF248D6D7800EF71D5 /* WsRequestSender.swift in Sources */,
				57DA7BD826ACA96600F3CA8F /* StoreManager.swift in Sources */,
				5748641826DE62F4005517BB /* StoredGameSettings.swift in Sources */,
				57D6560423651BA000DA69C4 /* CoreGraphics.swift in Sources */,
				57897FF81E85652400B1D4A6 /* Config.swift in Sources */,
				57B054131E4E75F30057E62F /* Card.swift in Sources */,
				57DA7BD326AC9B5200F3CA8F /* UIStrings.swift in Sources */,
				57DA7BCB26A853AA00F3CA8F /* FreeCell.swift in Sources */,
				57F70561243A7A35009552AB /* ScoresViewController.swift in Sources */,
				571278F22AE612B5004AA6B8 /* SettingsView.swift in Sources */,
				57325512267A699E003B8834 /* String.swift in Sources */,
				570218282373B44100310A67 /* CardSizeTableViewCell.swift in Sources */,
				57B9C8F41E58FAA900F8E25B /* Actions.swift in Sources */,
				57272556256AE697008A8171 /* RequestData.swift in Sources */,
				57B053DD1E4E3BD20057E62F /* GameViewController.swift in Sources */,
				57E97B0A1E7368B4000243B2 /* Position.swift in Sources */,
				57085E0F2AD342F40084A42B /* RankPickerView.swift in Sources */,
				57D5709026879DA60050B28E /* UIViewController.swift in Sources */,
				578742BB2586D054004C9DBB /* ReceivedDataHandler.swift in Sources */,
				57DA7BDE26ADECEA00F3CA8F /* ProductIdentifiers.swift in Sources */,
				571278F92AE76753004AA6B8 /* PickerCellView.swift in Sources */,
				573FD5862399F30C009BDBF9 /* GameType.swift in Sources */,
				5750E3F02AFFD1F800FE7AE1 /* SettingsCardSizeView.swift in Sources */,
				574050551E5F82AA00316AEB /* UIDevice.swift in Sources */,
				573FD588239F343F009BDBF9 /* PlayArea.swift in Sources */,
				571BBC63294557D100C43B69 /* GameSceneBase.swift in Sources */,
				57E97B111E74A651000243B2 /* StoredSettings.swift in Sources */,
				57213CF0268903E800753AC4 /* TemporarySettings.swift in Sources */,
				57ED4A602AF486F300733918 /* StoredValue.swift in Sources */,
				571278F42AE6131B004AA6B8 /* TextEditView.swift in Sources */,
				57D5707A267F840B0050B28E /* GameConfigs.swift in Sources */,
				578F40C423778D9300719821 /* Solitaire.swift in Sources */,
				574693562367CD4600AB6516 /* GameState.swift in Sources */,
				571BBC64294557D100C43B69 /* GameSceneFactory.swift in Sources */,
				57B0540D1E4E75B10057E62F /* Rank.swift in Sources */,
				578DB66B2677E1620034BB45 /* TextEditCell.swift in Sources */,
				57B0540E1E4E75B10057E62F /* Suit.swift in Sources */,
				578F40C62377923100719821 /* SnapLocation.swift in Sources */,
				57F70567243A857B009552AB /* ScoreCell.swift in Sources */,
				57B054141E4E75F30057E62F /* CardSpriteNode.swift in Sources */,
				574725C8243C072E0094FF39 /* GridView.swift in Sources */,
				57E97B0D1E7479F6000243B2 /* BottomButton.swift in Sources */,
				57E0935B2125DCAF00D4E4F6 /* MovingDirection.swift in Sources */,
				576A36462752C6540045B159 /* CardScaleSlider.swift in Sources */,
				57D570982687B2490050B28E /* Settings.swift in Sources */,
				57B053D51E4E3BD20057E62F /* AppDelegate.swift in Sources */,
			);
			runOnlyForDeploymentPostprocessing = 0;
		};
		57B053E71E4E3BD20057E62F /* Sources */ = {
			isa = PBXSourcesBuildPhase;
			buildActionMask = 2147483647;
			files = (
				5781B06A295292CE009D3C4A /* FlashMessageLabel.swift in Sources */,
				57D57087267FD5950050B28E /* TextEditCell.swift in Sources */,
				5702182B2373B6D500310A67 /* CardSizeTableViewCell.swift in Sources */,
				57DD919125853F770086336D /* GameState.swift in Sources */,
				57D6560523651BBD00DA69C4 /* CoreGraphics.swift in Sources */,
				574693532367CBCD00AB6516 /* StoredBase.swift in Sources */,
				578B1C551E7EF960008B8381 /* GameViewController.swift in Sources */,
				578B1C631E7EFBE4008B8381 /* Suit.swift in Sources */,
				57EA2B5E25B39DFD00536B47 /* MathTests.swift in Sources */,
				5781B06B295292F1009D3C4A /* GameSceneBase.swift in Sources */,
				5750E3F32B018A0E00FE7AE1 /* SettingsCardSizeView.swift in Sources */,
				57D570992687B2490050B28E /* Settings.swift in Sources */,
				5750E3E92AF888EA00FE7AE1 /* ProductManager.swift in Sources */,
				57DA7BDC26ADB51800F3CA8F /* ProductsTableController.swift in Sources */,
				578B1C611E7EFBDC008B8381 /* Actions.swift in Sources */,
				57DD91A125853F900086336D /* WsRequestSender.swift in Sources */,
				576C1D0E2AEDCAF3003276F7 /* TextFieldView.swift in Sources */,
				5781B06F2952966D009D3C4A /* UIViewController.swift in Sources */,
				57085E082AD1095C0084A42B /* GameGoFish.swift in Sources */,
				57DA7BCC26A8546600F3CA8F /* FreeCell.swift in Sources */,
				578B1C591E7EFB17008B8381 /* BottomButton.swift in Sources */,
				57C626132346E6DB008A9872 /* CardSlider.swift in Sources */,
				5781B0702952967E009D3C4A /* GameSceneFactory.swift in Sources */,
				57DD91B525853FF80086336D /* ScoresViewController.swift in Sources */,
				57D57081267FD53F0050B28E /* String.swift in Sources */,
				578B1C5B1E7EFB33008B8381 /* CardSpriteNode.swift in Sources */,
				5781B06E29529338009D3C4A /* StoredGameSettings.swift in Sources */,
				57BB31D62353BAA200AE2CDC /* PlayerStatusLabel.swift in Sources */,
				576C1D0A2AEDCAE9003276F7 /* SettingsView.swift in Sources */,
				57DA7BE226AE4B1A00F3CA8F /* SKProduct.swift in Sources */,
				57B053F01E4E3BD20057E62F /* CardsMultiTests.swift in Sources */,
				57DD91A925853FB30086336D /* Solitaire.swift in Sources */,
				57C8B91D2426A1B700100DDE /* GameType.swift in Sources */,
				578B1C621E7EFBE1008B8381 /* Rank.swift in Sources */,
				578B1C641E7EFBE7008B8381 /* UIDevice.swift in Sources */,
				57C8B9202426A44000100DDE /* Score.swift in Sources */,
				578B1C581E7EFB0A008B8381 /* GameScene.swift in Sources */,
				578F40C72377924400719821 /* SnapLocation.swift in Sources */,
				578B1C571E7EFB04008B8381 /* ConnectionServiceManager.swift in Sources */,
				57DA7BD926ACA96600F3CA8F /* StoreManager.swift in Sources */,
				57D57080267FD3E90050B28E /* GameConfigsTests.swift in Sources */,
				5781B06D2952931E009D3C4A /* Message.swift in Sources */,
				57DA7BDF26ADECEA00F3CA8F /* ProductIdentifiers.swift in Sources */,
				576C1D102AEDCAF7003276F7 /* TextEditView.swift in Sources */,
				578B1C5F1E7EFBD6008B8381 /* Global.swift in Sources */,
				57E0935D212730E500D4E4F6 /* Config.swift in Sources */,
				578B1C601E7EFBD9008B8381 /* Card.swift in Sources */,
				57BB31DE23569DA200AE2CDC /* SettingsTableController.swift in Sources */,
				576C1D082AEDCAE1003276F7 /* RankPickerView.swift in Sources */,
				57DD919D25853F850086336D /* RequestData.swift in Sources */,
				57D3DB9C257BF1DC00A52171 /* RequestDataTests.swift in Sources */,
				57DD919525853F7C0086336D /* PlayArea.swift in Sources */,
				57D5707B267F84FB0050B28E /* GameConfigs.swift in Sources */,
				578B1C5D1E7EFBCB008B8381 /* StoredSettings.swift in Sources */,
				5781B069295292AD009D3C4A /* CardScaleSlider.swift in Sources */,
				5750E3EA2AF888FA00FE7AE1 /* StoredValue.swift in Sources */,
				578B1C5C1E7EFB37008B8381 /* Position.swift in Sources */,
				57213CF1268903F600753AC4 /* TemporarySettings.swift in Sources */,
				576C1D0C2AEDCAEF003276F7 /* PickerCellView.swift in Sources */,
				578742BC2586D054004C9DBB /* ReceivedDataHandler.swift in Sources */,
				57DA7BD126AC962600F3CA8F /* StoreObserver.swift in Sources */,
				5781B06C29529300009D3C4A /* UIStrings.swift in Sources */,
				57E0935C212730DF00D4E4F6 /* MovingDirection.swift in Sources */,
				57DD91C1258540010086336D /* GridView.swift in Sources */,
				578B1C5E1E7EFBD3008B8381 /* Math.swift in Sources */,
				57DD919925853F820086336D /* WsMessage.swift in Sources */,
				57DD91AD25853FE90086336D /* PopUpMenu.swift in Sources */,
				57DD918D25853F6D0086336D /* Player.swift in Sources */,
				57DD91B925853FFB0086336D /* ScoreCell.swift in Sources */,
				57B8732F234584D4001A54DD /* Switch.swift in Sources */,
			);
			runOnlyForDeploymentPostprocessing = 0;
		};
		57B053F21E4E3BD20057E62F /* Sources */ = {
			isa = PBXSourcesBuildPhase;
			buildActionMask = 2147483647;
			files = (
				57C626142346E6DB008A9872 /* CardSlider.swift in Sources */,
				57B053FB1E4E3BD20057E62F /* CardsMultiUITests.swift in Sources */,
				57D6560623651BBE00DA69C4 /* CoreGraphics.swift in Sources */,
				57B87330234584D5001A54DD /* Switch.swift in Sources */,
				57BB31D72353BAA200AE2CDC /* PlayerStatusLabel.swift in Sources */,
				57085E092AD109600084A42B /* GameGoFish.swift in Sources */,
				57D57088267FD5950050B28E /* TextEditCell.swift in Sources */,
				57DD91BD25853FFE0086336D /* ScoreCell.swift in Sources */,
				576C1D112AEDCAF7003276F7 /* TextEditView.swift in Sources */,
				576C1D0F2AEDCAF4003276F7 /* TextFieldView.swift in Sources */,
				5750E3F42B018A1600FE7AE1 /* SettingsCardSizeView.swift in Sources */,
				57DD91B125853FEF0086336D /* PopUpMenu.swift in Sources */,
				576C1D0D2AEDCAF0003276F7 /* PickerCellView.swift in Sources */,
				57BB31DF23569DA200AE2CDC /* SettingsTableController.swift in Sources */,
				5702182C2373B6D600310A67 /* CardSizeTableViewCell.swift in Sources */,
				578F40C82377924400719821 /* SnapLocation.swift in Sources */,
				57DD91C5258540020086336D /* GridView.swift in Sources */,
				576C1D092AEDCAE2003276F7 /* RankPickerView.swift in Sources */,
				574693542367CBCD00AB6516 /* StoredBase.swift in Sources */,
				576C1D122AEDCB4C003276F7 /* SettingsView.swift in Sources */,
			);
			runOnlyForDeploymentPostprocessing = 0;
		};
/* End PBXSourcesBuildPhase section */

/* Begin PBXTargetDependency section */
		57B053ED1E4E3BD20057E62F /* PBXTargetDependency */ = {
			isa = PBXTargetDependency;
			target = 57B053D01E4E3BD20057E62F /* CardsMulti */;
			targetProxy = 57B053EC1E4E3BD20057E62F /* PBXContainerItemProxy */;
		};
		57B053F81E4E3BD20057E62F /* PBXTargetDependency */ = {
			isa = PBXTargetDependency;
			target = 57B053D01E4E3BD20057E62F /* CardsMulti */;
			targetProxy = 57B053F71E4E3BD20057E62F /* PBXContainerItemProxy */;
		};
/* End PBXTargetDependency section */

/* Begin PBXVariantGroup section */
		5732550F267A683C003B8834 /* Localizable.strings */ = {
			isa = PBXVariantGroup;
			children = (
				5732550E267A683C003B8834 /* en */,
				57325510267A6878003B8834 /* ru */,
				57C3551F2997422500884C52 /* uk */,
			);
			name = Localizable.strings;
			sourceTree = "<group>";
		};
		57B053DE1E4E3BD20057E62F /* Main.storyboard */ = {
			isa = PBXVariantGroup;
			children = (
				57B053DF1E4E3BD20057E62F /* Base */,
			);
			name = Main.storyboard;
			sourceTree = "<group>";
		};
		57B053E31E4E3BD20057E62F /* LaunchScreen.storyboard */ = {
			isa = PBXVariantGroup;
			children = (
				57B053E41E4E3BD20057E62F /* Base */,
			);
			name = LaunchScreen.storyboard;
			sourceTree = "<group>";
		};
/* End PBXVariantGroup section */

/* Begin XCBuildConfiguration section */
		57B053FD1E4E3BD20057E62F /* Debug */ = {
			isa = XCBuildConfiguration;
			buildSettings = {
				ALWAYS_SEARCH_USER_PATHS = NO;
				CLANG_ANALYZER_LOCALIZABILITY_NONLOCALIZED = YES;
				CLANG_ANALYZER_NONNULL = YES;
				CLANG_CXX_LANGUAGE_STANDARD = "gnu++0x";
				CLANG_CXX_LIBRARY = "libc++";
				CLANG_ENABLE_MODULES = YES;
				CLANG_ENABLE_OBJC_ARC = YES;
				CLANG_WARN_BLOCK_CAPTURE_AUTORELEASING = YES;
				CLANG_WARN_BOOL_CONVERSION = YES;
				CLANG_WARN_COMMA = YES;
				CLANG_WARN_CONSTANT_CONVERSION = YES;
				CLANG_WARN_DEPRECATED_OBJC_IMPLEMENTATIONS = YES;
				CLANG_WARN_DIRECT_OBJC_ISA_USAGE = YES_ERROR;
				CLANG_WARN_DOCUMENTATION_COMMENTS = YES;
				CLANG_WARN_EMPTY_BODY = YES;
				CLANG_WARN_ENUM_CONVERSION = YES;
				CLANG_WARN_INFINITE_RECURSION = YES;
				CLANG_WARN_INT_CONVERSION = YES;
				CLANG_WARN_NON_LITERAL_NULL_CONVERSION = YES;
				CLANG_WARN_OBJC_IMPLICIT_RETAIN_SELF = YES;
				CLANG_WARN_OBJC_LITERAL_CONVERSION = YES;
				CLANG_WARN_OBJC_ROOT_CLASS = YES_ERROR;
				CLANG_WARN_QUOTED_INCLUDE_IN_FRAMEWORK_HEADER = YES;
				CLANG_WARN_RANGE_LOOP_ANALYSIS = YES;
				CLANG_WARN_STRICT_PROTOTYPES = YES;
				CLANG_WARN_SUSPICIOUS_MOVE = YES;
				CLANG_WARN_UNREACHABLE_CODE = YES;
				CLANG_WARN__DUPLICATE_METHOD_MATCH = YES;
				"CODE_SIGN_IDENTITY[sdk=iphoneos*]" = "iPhone Developer";
				COPY_PHASE_STRIP = NO;
				DEBUG_INFORMATION_FORMAT = dwarf;
				ENABLE_STRICT_OBJC_MSGSEND = YES;
				ENABLE_TESTABILITY = YES;
				GCC_C_LANGUAGE_STANDARD = gnu99;
				GCC_DYNAMIC_NO_PIC = NO;
				GCC_NO_COMMON_BLOCKS = YES;
				GCC_OPTIMIZATION_LEVEL = 0;
				GCC_PREPROCESSOR_DEFINITIONS = (
					"DEBUG=1",
					"$(inherited)",
				);
				GCC_WARN_64_TO_32_BIT_CONVERSION = YES;
				GCC_WARN_ABOUT_RETURN_TYPE = YES_ERROR;
				GCC_WARN_UNDECLARED_SELECTOR = YES;
				GCC_WARN_UNINITIALIZED_AUTOS = YES_AGGRESSIVE;
				GCC_WARN_UNUSED_FUNCTION = YES;
				GCC_WARN_UNUSED_VARIABLE = YES;
				IPHONEOS_DEPLOYMENT_TARGET = 13.0;
				MTL_ENABLE_DEBUG_INFO = YES;
				ONLY_ACTIVE_ARCH = YES;
				SDKROOT = iphoneos;
				SWIFT_ACTIVE_COMPILATION_CONDITIONS = DEBUG;
				SWIFT_OPTIMIZATION_LEVEL = "-Onone";
				SWIFT_SWIFT3_OBJC_INFERENCE = Default;
				TARGETED_DEVICE_FAMILY = "1,2";
			};
			name = Debug;
		};
		57B053FE1E4E3BD20057E62F /* Release */ = {
			isa = XCBuildConfiguration;
			buildSettings = {
				ALWAYS_SEARCH_USER_PATHS = NO;
				CLANG_ANALYZER_LOCALIZABILITY_NONLOCALIZED = YES;
				CLANG_ANALYZER_NONNULL = YES;
				CLANG_CXX_LANGUAGE_STANDARD = "gnu++0x";
				CLANG_CXX_LIBRARY = "libc++";
				CLANG_ENABLE_MODULES = YES;
				CLANG_ENABLE_OBJC_ARC = YES;
				CLANG_WARN_BLOCK_CAPTURE_AUTORELEASING = YES;
				CLANG_WARN_BOOL_CONVERSION = YES;
				CLANG_WARN_COMMA = YES;
				CLANG_WARN_CONSTANT_CONVERSION = YES;
				CLANG_WARN_DEPRECATED_OBJC_IMPLEMENTATIONS = YES;
				CLANG_WARN_DIRECT_OBJC_ISA_USAGE = YES_ERROR;
				CLANG_WARN_DOCUMENTATION_COMMENTS = YES;
				CLANG_WARN_EMPTY_BODY = YES;
				CLANG_WARN_ENUM_CONVERSION = YES;
				CLANG_WARN_INFINITE_RECURSION = YES;
				CLANG_WARN_INT_CONVERSION = YES;
				CLANG_WARN_NON_LITERAL_NULL_CONVERSION = YES;
				CLANG_WARN_OBJC_IMPLICIT_RETAIN_SELF = YES;
				CLANG_WARN_OBJC_LITERAL_CONVERSION = YES;
				CLANG_WARN_OBJC_ROOT_CLASS = YES_ERROR;
				CLANG_WARN_QUOTED_INCLUDE_IN_FRAMEWORK_HEADER = YES;
				CLANG_WARN_RANGE_LOOP_ANALYSIS = YES;
				CLANG_WARN_STRICT_PROTOTYPES = YES;
				CLANG_WARN_SUSPICIOUS_MOVE = YES;
				CLANG_WARN_UNREACHABLE_CODE = YES;
				CLANG_WARN__DUPLICATE_METHOD_MATCH = YES;
				"CODE_SIGN_IDENTITY[sdk=iphoneos*]" = "iPhone Developer";
				COPY_PHASE_STRIP = NO;
				DEBUG_INFORMATION_FORMAT = "dwarf-with-dsym";
				ENABLE_NS_ASSERTIONS = NO;
				ENABLE_STRICT_OBJC_MSGSEND = YES;
				GCC_C_LANGUAGE_STANDARD = gnu99;
				GCC_NO_COMMON_BLOCKS = YES;
				GCC_WARN_64_TO_32_BIT_CONVERSION = YES;
				GCC_WARN_ABOUT_RETURN_TYPE = YES_ERROR;
				GCC_WARN_UNDECLARED_SELECTOR = YES;
				GCC_WARN_UNINITIALIZED_AUTOS = YES_AGGRESSIVE;
				GCC_WARN_UNUSED_FUNCTION = YES;
				GCC_WARN_UNUSED_VARIABLE = YES;
				IPHONEOS_DEPLOYMENT_TARGET = 13.0;
				MTL_ENABLE_DEBUG_INFO = NO;
				SDKROOT = iphoneos;
				SWIFT_OPTIMIZATION_LEVEL = "-Owholemodule";
				SWIFT_SWIFT3_OBJC_INFERENCE = Default;
				TARGETED_DEVICE_FAMILY = "1,2";
				VALIDATE_PRODUCT = YES;
			};
			name = Release;
		};
		57B054001E4E3BD20057E62F /* Debug */ = {
			isa = XCBuildConfiguration;
			baseConfigurationReference = 73C5D4C34CC51557A25B81C4 /* Pods-CardsMulti.debug.xcconfig */;
			buildSettings = {
				ASSETCATALOG_COMPILER_APPICON_NAME = AppIcon;
				CODE_SIGN_ENTITLEMENTS = CardsMulti/CardsMulti.entitlements;
				CODE_SIGN_IDENTITY = "iPhone Developer";
				"CODE_SIGN_IDENTITY[sdk=iphoneos*]" = "iPhone Developer";
				CURRENT_PROJECT_VERSION = 2;
				DEVELOPMENT_TEAM = NB9MQB54L9;
				INFOPLIST_FILE = CardsMulti/Info.plist;
				IPHONEOS_DEPLOYMENT_TARGET = 15.0;
				LD_RUNPATH_SEARCH_PATHS = "$(inherited) @executable_path/Frameworks";
				MARKETING_VERSION = 0.10;
				PRODUCT_BUNDLE_IDENTIFIER = com.victoriussoftware.CardsMulti;
				PRODUCT_NAME = "$(TARGET_NAME)";
				PROVISIONING_PROFILE = "";
				SWIFT_VERSION = 5.0;
			};
			name = Debug;
		};
		57B054011E4E3BD20057E62F /* Release */ = {
			isa = XCBuildConfiguration;
			baseConfigurationReference = B620DE44CE4E19863D919246 /* Pods-CardsMulti.release.xcconfig */;
			buildSettings = {
				ASSETCATALOG_COMPILER_APPICON_NAME = AppIcon;
				CODE_SIGN_ENTITLEMENTS = CardsMulti/CardsMulti.entitlements;
				CODE_SIGN_IDENTITY = "iPhone Developer";
				"CODE_SIGN_IDENTITY[sdk=iphoneos*]" = "iPhone Developer";
				CURRENT_PROJECT_VERSION = 2;
				DEVELOPMENT_TEAM = NB9MQB54L9;
				INFOPLIST_FILE = CardsMulti/Info.plist;
				IPHONEOS_DEPLOYMENT_TARGET = 15.0;
				LD_RUNPATH_SEARCH_PATHS = "$(inherited) @executable_path/Frameworks";
				MARKETING_VERSION = 0.10;
				PRODUCT_BUNDLE_IDENTIFIER = com.victoriussoftware.CardsMulti;
				PRODUCT_NAME = "$(TARGET_NAME)";
				PROVISIONING_PROFILE = "";
				SWIFT_VERSION = 5.0;
			};
			name = Release;
		};
		57B054031E4E3BD20057E62F /* Debug */ = {
			isa = XCBuildConfiguration;
			baseConfigurationReference = BC664B7B8C6A673C88C5833D /* Pods-CardsMultiTests.debug.xcconfig */;
			buildSettings = {
				ALWAYS_EMBED_SWIFT_STANDARD_LIBRARIES = YES;
				BUNDLE_LOADER = "$(TEST_HOST)";
				DEVELOPMENT_TEAM = DS2QAADY9B;
				INFOPLIST_FILE = CardsMultiTests/Info.plist;
				IPHONEOS_DEPLOYMENT_TARGET = 15.0;
				LD_RUNPATH_SEARCH_PATHS = "$(inherited) @executable_path/Frameworks @loader_path/Frameworks";
				PRODUCT_BUNDLE_IDENTIFIER = com.victorius.CardsMultiTests;
				PRODUCT_NAME = "$(TARGET_NAME)";
				SWIFT_VERSION = 5.0;
				TEST_HOST = "$(BUILT_PRODUCTS_DIR)/CardsMulti.app/CardsMulti";
			};
			name = Debug;
		};
		57B054041E4E3BD20057E62F /* Release */ = {
			isa = XCBuildConfiguration;
			baseConfigurationReference = 2A9865B4FE8ABB337E57C495 /* Pods-CardsMultiTests.release.xcconfig */;
			buildSettings = {
				ALWAYS_EMBED_SWIFT_STANDARD_LIBRARIES = YES;
				BUNDLE_LOADER = "$(TEST_HOST)";
				DEVELOPMENT_TEAM = DS2QAADY9B;
				INFOPLIST_FILE = CardsMultiTests/Info.plist;
				IPHONEOS_DEPLOYMENT_TARGET = 15.0;
				LD_RUNPATH_SEARCH_PATHS = "$(inherited) @executable_path/Frameworks @loader_path/Frameworks";
				PRODUCT_BUNDLE_IDENTIFIER = com.victorius.CardsMultiTests;
				PRODUCT_NAME = "$(TARGET_NAME)";
				SWIFT_VERSION = 5.0;
				TEST_HOST = "$(BUILT_PRODUCTS_DIR)/CardsMulti.app/CardsMulti";
			};
			name = Release;
		};
		57B054061E4E3BD20057E62F /* Debug */ = {
			isa = XCBuildConfiguration;
			baseConfigurationReference = 8DDA64C75429E06BF73C4F5D /* Pods-CardsMultiUITests.debug.xcconfig */;
			buildSettings = {
				ALWAYS_EMBED_SWIFT_STANDARD_LIBRARIES = YES;
				DEVELOPMENT_TEAM = DS2QAADY9B;
				INFOPLIST_FILE = CardsMultiUITests/Info.plist;
				LD_RUNPATH_SEARCH_PATHS = "$(inherited) @executable_path/Frameworks @loader_path/Frameworks";
				PRODUCT_BUNDLE_IDENTIFIER = com.victorius.CardsMultiUITests;
				PRODUCT_NAME = "$(TARGET_NAME)";
				SWIFT_VERSION = 3.0;
				TEST_TARGET_NAME = CardsMulti;
			};
			name = Debug;
		};
		57B054071E4E3BD20057E62F /* Release */ = {
			isa = XCBuildConfiguration;
			baseConfigurationReference = FB12C093CE259C3163E5282A /* Pods-CardsMultiUITests.release.xcconfig */;
			buildSettings = {
				ALWAYS_EMBED_SWIFT_STANDARD_LIBRARIES = YES;
				DEVELOPMENT_TEAM = DS2QAADY9B;
				INFOPLIST_FILE = CardsMultiUITests/Info.plist;
				LD_RUNPATH_SEARCH_PATHS = "$(inherited) @executable_path/Frameworks @loader_path/Frameworks";
				PRODUCT_BUNDLE_IDENTIFIER = com.victorius.CardsMultiUITests;
				PRODUCT_NAME = "$(TARGET_NAME)";
				SWIFT_VERSION = 3.0;
				TEST_TARGET_NAME = CardsMulti;
			};
			name = Release;
		};
/* End XCBuildConfiguration section */

/* Begin XCConfigurationList section */
		57B053CC1E4E3BD20057E62F /* Build configuration list for PBXProject "CardsMulti" */ = {
			isa = XCConfigurationList;
			buildConfigurations = (
				57B053FD1E4E3BD20057E62F /* Debug */,
				57B053FE1E4E3BD20057E62F /* Release */,
			);
			defaultConfigurationIsVisible = 0;
			defaultConfigurationName = Release;
		};
		57B053FF1E4E3BD20057E62F /* Build configuration list for PBXNativeTarget "CardsMulti" */ = {
			isa = XCConfigurationList;
			buildConfigurations = (
				57B054001E4E3BD20057E62F /* Debug */,
				57B054011E4E3BD20057E62F /* Release */,
			);
			defaultConfigurationIsVisible = 0;
			defaultConfigurationName = Release;
		};
		57B054021E4E3BD20057E62F /* Build configuration list for PBXNativeTarget "CardsMultiTests" */ = {
			isa = XCConfigurationList;
			buildConfigurations = (
				57B054031E4E3BD20057E62F /* Debug */,
				57B054041E4E3BD20057E62F /* Release */,
			);
			defaultConfigurationIsVisible = 0;
			defaultConfigurationName = Release;
		};
		57B054051E4E3BD20057E62F /* Build configuration list for PBXNativeTarget "CardsMultiUITests" */ = {
			isa = XCConfigurationList;
			buildConfigurations = (
				57B054061E4E3BD20057E62F /* Debug */,
				57B054071E4E3BD20057E62F /* Release */,
			);
			defaultConfigurationIsVisible = 0;
			defaultConfigurationName = Release;
		};
/* End XCConfigurationList section */
	};
	rootObject = 57B053C91E4E3BD20057E62F /* Project object */;
}
